// !$*UTF8*$!
{
	archiveVersion = 1;
	classes = {
	};
	objectVersion = 56;
	objects = {

/* Begin PBXBuildFile section */
		0544687B291258EC00458DAC /* ReccomendetionCell.swift in Sources */ = {isa = PBXBuildFile; fileRef = 0544687A291258EC00458DAC /* ReccomendetionCell.swift */; };
		05E3546329113C8A00C125DA /* AppDelegate.swift in Sources */ = {isa = PBXBuildFile; fileRef = 05E3546229113C8A00C125DA /* AppDelegate.swift */; };
		05E3546529113C8A00C125DA /* SceneDelegate.swift in Sources */ = {isa = PBXBuildFile; fileRef = 05E3546429113C8A00C125DA /* SceneDelegate.swift */; };
		05E3546729113C8A00C125DA /* ViewController.swift in Sources */ = {isa = PBXBuildFile; fileRef = 05E3546629113C8A00C125DA /* ViewController.swift */; };
		05E3546C29113C8D00C125DA /* Assets.xcassets in Resources */ = {isa = PBXBuildFile; fileRef = 05E3546B29113C8D00C125DA /* Assets.xcassets */; };
		05E3546F29113C8D00C125DA /* LaunchScreen.storyboard in Resources */ = {isa = PBXBuildFile; fileRef = 05E3546D29113C8D00C125DA /* LaunchScreen.storyboard */; };
		05E3547B2911445200C125DA /* ViewedCell.swift in Sources */ = {isa = PBXBuildFile; fileRef = 05E3547A2911445200C125DA /* ViewedCell.swift */; };
		05E3547D29114A7000C125DA /* DataBase.swift in Sources */ = {isa = PBXBuildFile; fileRef = 05E3547C29114A7000C125DA /* DataBase.swift */; };
		05E354822911797100C125DA /* HeaderCollectionReusableView.swift in Sources */ = {isa = PBXBuildFile; fileRef = 05E354812911797100C125DA /* HeaderCollectionReusableView.swift */; };
/* End PBXBuildFile section */

/* Begin PBXFileReference section */
		0544687A291258EC00458DAC /* ReccomendetionCell.swift */ = {isa = PBXFileReference; lastKnownFileType = sourcecode.swift; path = ReccomendetionCell.swift; sourceTree = "<group>"; };
		05E3545F29113C8A00C125DA /* HomeWork108.app */ = {isa = PBXFileReference; explicitFileType = wrapper.application; includeInIndex = 0; path = HomeWork108.app; sourceTree = BUILT_PRODUCTS_DIR; };
		05E3546229113C8A00C125DA /* AppDelegate.swift */ = {isa = PBXFileReference; lastKnownFileType = sourcecode.swift; path = AppDelegate.swift; sourceTree = "<group>"; };
		05E3546429113C8A00C125DA /* SceneDelegate.swift */ = {isa = PBXFileReference; lastKnownFileType = sourcecode.swift; path = SceneDelegate.swift; sourceTree = "<group>"; };
		05E3546629113C8A00C125DA /* ViewController.swift */ = {isa = PBXFileReference; lastKnownFileType = sourcecode.swift; path = ViewController.swift; sourceTree = "<group>"; };
		05E3546B29113C8D00C125DA /* Assets.xcassets */ = {isa = PBXFileReference; lastKnownFileType = folder.assetcatalog; path = Assets.xcassets; sourceTree = "<group>"; };
		05E3546E29113C8D00C125DA /* Base */ = {isa = PBXFileReference; lastKnownFileType = file.storyboard; name = Base; path = Base.lproj/LaunchScreen.storyboard; sourceTree = "<group>"; };
		05E3547029113C8D00C125DA /* Info.plist */ = {isa = PBXFileReference; lastKnownFileType = text.plist.xml; path = Info.plist; sourceTree = "<group>"; };
		05E3547A2911445200C125DA /* ViewedCell.swift */ = {isa = PBXFileReference; lastKnownFileType = sourcecode.swift; path = ViewedCell.swift; sourceTree = "<group>"; };
		05E3547C29114A7000C125DA /* DataBase.swift */ = {isa = PBXFileReference; lastKnownFileType = sourcecode.swift; path = DataBase.swift; sourceTree = "<group>"; };
		05E354812911797100C125DA /* HeaderCollectionReusableView.swift */ = {isa = PBXFileReference; lastKnownFileType = sourcecode.swift; path = HeaderCollectionReusableView.swift; sourceTree = "<group>"; };
/* End PBXFileReference section */

/* Begin PBXFrameworksBuildPhase section */
		05E3545C29113C8A00C125DA /* Frameworks */ = {
			isa = PBXFrameworksBuildPhase;
			buildActionMask = 2147483647;
			files = (
			);
			runOnlyForDeploymentPostprocessing = 0;
		};
/* End PBXFrameworksBuildPhase section */

/* Begin PBXGroup section */
		05E3545629113C8A00C125DA = {
			isa = PBXGroup;
			children = (
				05E3546129113C8A00C125DA /* HomeWork108 */,
				05E3546029113C8A00C125DA /* Products */,
			);
			sourceTree = "<group>";
		};
		05E3546029113C8A00C125DA /* Products */ = {
			isa = PBXGroup;
			children = (
				05E3545F29113C8A00C125DA /* HomeWork108.app */,
			);
			name = Products;
			sourceTree = "<group>";
		};
		05E3546129113C8A00C125DA /* HomeWork108 */ = {
			isa = PBXGroup;
			children = (
				05E354802911795E00C125DA /* Headers */,
				05E354762911416400C125DA /* Cells */,
				05E3546229113C8A00C125DA /* AppDelegate.swift */,
				05E3546429113C8A00C125DA /* SceneDelegate.swift */,
				05E3546629113C8A00C125DA /* ViewController.swift */,
				05E3546B29113C8D00C125DA /* Assets.xcassets */,
				05E3546D29113C8D00C125DA /* LaunchScreen.storyboard */,
				05E3547029113C8D00C125DA /* Info.plist */,
				05E3547C29114A7000C125DA /* DataBase.swift */,
			);
			path = HomeWork108;
			sourceTree = "<group>";
		};
		05E354762911416400C125DA /* Cells */ = {
			isa = PBXGroup;
			children = (
				05E3547A2911445200C125DA /* ViewedCell.swift */,
				0544687A291258EC00458DAC /* ReccomendetionCell.swift */,
			);
			path = Cells;
			sourceTree = "<group>";
		};
		05E354802911795E00C125DA /* Headers */ = {
			isa = PBXGroup;
			children = (
				05E354812911797100C125DA /* HeaderCollectionReusableView.swift */,
			);
			path = Headers;
			sourceTree = "<group>";
		};
/* End PBXGroup section */

/* Begin PBXNativeTarget section */
		05E3545E29113C8A00C125DA /* HomeWork108 */ = {
			isa = PBXNativeTarget;
			buildConfigurationList = 05E3547329113C8D00C125DA /* Build configuration list for PBXNativeTarget "HomeWork108" */;
			buildPhases = (
				05E3545B29113C8A00C125DA /* Sources */,
				05E3545C29113C8A00C125DA /* Frameworks */,
				05E3545D29113C8A00C125DA /* Resources */,
			);
			buildRules = (
			);
			dependencies = (
			);
			name = HomeWork108;
			productName = HomeWork108;
			productReference = 05E3545F29113C8A00C125DA /* HomeWork108.app */;
			productType = "com.apple.product-type.application";
		};
/* End PBXNativeTarget section */

/* Begin PBXProject section */
		05E3545729113C8A00C125DA /* Project object */ = {
			isa = PBXProject;
			attributes = {
				BuildIndependentTargetsInParallel = 1;
				LastSwiftUpdateCheck = 1410;
				LastUpgradeCheck = 1410;
				TargetAttributes = {
					05E3545E29113C8A00C125DA = {
						CreatedOnToolsVersion = 14.1;
					};
				};
			};
			buildConfigurationList = 05E3545A29113C8A00C125DA /* Build configuration list for PBXProject "HomeWork108" */;
			compatibilityVersion = "Xcode 14.0";
			developmentRegion = en;
			hasScannedForEncodings = 0;
			knownRegions = (
				en,
				Base,
			);
			mainGroup = 05E3545629113C8A00C125DA;
			productRefGroup = 05E3546029113C8A00C125DA /* Products */;
			projectDirPath = "";
			projectRoot = "";
			targets = (
				05E3545E29113C8A00C125DA /* HomeWork108 */,
			);
		};
/* End PBXProject section */

/* Begin PBXResourcesBuildPhase section */
		05E3545D29113C8A00C125DA /* Resources */ = {
			isa = PBXResourcesBuildPhase;
			buildActionMask = 2147483647;
			files = (
				05E3546F29113C8D00C125DA /* LaunchScreen.storyboard in Resources */,
				05E3546C29113C8D00C125DA /* Assets.xcassets in Resources */,
			);
			runOnlyForDeploymentPostprocessing = 0;
		};
/* End PBXResourcesBuildPhase section */

/* Begin PBXSourcesBuildPhase section */
		05E3545B29113C8A00C125DA /* Sources */ = {
			isa = PBXSourcesBuildPhase;
			buildActionMask = 2147483647;
			files = (
				05E3546729113C8A00C125DA /* ViewController.swift in Sources */,
				0544687B291258EC00458DAC /* ReccomendetionCell.swift in Sources */,
				05E3546329113C8A00C125DA /* AppDelegate.swift in Sources */,
				05E3547B2911445200C125DA /* ViewedCell.swift in Sources */,
				05E3547D29114A7000C125DA /* DataBase.swift in Sources */,
				05E354822911797100C125DA /* HeaderCollectionReusableView.swift in Sources */,
				05E3546529113C8A00C125DA /* SceneDelegate.swift in Sources */,
			);
			runOnlyForDeploymentPostprocessing = 0;
		};
/* End PBXSourcesBuildPhase section */

/* Begin PBXVariantGroup section */
		05E3546D29113C8D00C125DA /* LaunchScreen.storyboard */ = {
			isa = PBXVariantGroup;
			children = (
				05E3546E29113C8D00C125DA /* Base */,
			);
			name = LaunchScreen.storyboard;
			sourceTree = "<group>";
		};
/* End PBXVariantGroup section */

/* Begin XCBuildConfiguration section */
		05E3547129113C8D00C125DA /* Debug */ = {
			isa = XCBuildConfiguration;
			buildSettings = {
				ALWAYS_SEARCH_USER_PATHS = NO;
				CLANG_ANALYZER_NONNULL = YES;
				CLANG_ANALYZER_NUMBER_OBJECT_CONVERSION = YES_AGGRESSIVE;
				CLANG_CXX_LANGUAGE_STANDARD = "gnu++20";
				CLANG_ENABLE_MODULES = YES;
				CLANG_ENABLE_OBJC_ARC = YES;
				CLANG_ENABLE_OBJC_WEAK = YES;
				CLANG_WARN_BLOCK_CAPTURE_AUTORELEASING = YES;
				CLANG_WARN_BOOL_CONVERSION = YES;
				CLANG_WARN_COMMA = YES;
				CLANG_WARN_CONSTANT_CONVERSION = YES;
				CLANG_WARN_DEPRECATED_OBJC_IMPLEMENTATIONS = YES;
				CLANG_WARN_DIRECT_OBJC_ISA_USAGE = YES_ERROR;
				CLANG_WARN_DOCUMENTATION_COMMENTS = YES;
				CLANG_WARN_EMPTY_BODY = YES;
				CLANG_WARN_ENUM_CONVERSION = YES;
				CLANG_WARN_INFINITE_RECURSION = YES;
				CLANG_WARN_INT_CONVERSION = YES;
				CLANG_WARN_NON_LITERAL_NULL_CONVERSION = YES;
				CLANG_WARN_OBJC_IMPLICIT_RETAIN_SELF = YES;
				CLANG_WARN_OBJC_LITERAL_CONVERSION = YES;
				CLANG_WARN_OBJC_ROOT_CLASS = YES_ERROR;
				CLANG_WARN_QUOTED_INCLUDE_IN_FRAMEWORK_HEADER = YES;
				CLANG_WARN_RANGE_LOOP_ANALYSIS = YES;
				CLANG_WARN_STRICT_PROTOTYPES = YES;
				CLANG_WARN_SUSPICIOUS_MOVE = YES;
				CLANG_WARN_UNGUARDED_AVAILABILITY = YES_AGGRESSIVE;
				CLANG_WARN_UNREACHABLE_CODE = YES;
				CLANG_WARN__DUPLICATE_METHOD_MATCH = YES;
				COPY_PHASE_STRIP = NO;
				DEBUG_INFORMATION_FORMAT = dwarf;
				ENABLE_STRICT_OBJC_MSGSEND = YES;
				ENABLE_TESTABILITY = YES;
				GCC_C_LANGUAGE_STANDARD = gnu11;
				GCC_DYNAMIC_NO_PIC = NO;
				GCC_NO_COMMON_BLOCKS = YES;
				GCC_OPTIMIZATION_LEVEL = 0;
				GCC_PREPROCESSOR_DEFINITIONS = (
					"DEBUG=1",
					"$(inherited)",
				);
				GCC_WARN_64_TO_32_BIT_CONVERSION = YES;
				GCC_WARN_ABOUT_RETURN_TYPE = YES_ERROR;
				GCC_WARN_UNDECLARED_SELECTOR = YES;
				GCC_WARN_UNINITIALIZED_AUTOS = YES_AGGRESSIVE;
				GCC_WARN_UNUSED_FUNCTION = YES;
				GCC_WARN_UNUSED_VARIABLE = YES;
				IPHONEOS_DEPLOYMENT_TARGET = 16.1;
				MTL_ENABLE_DEBUG_INFO = INCLUDE_SOURCE;
				MTL_FAST_MATH = YES;
				ONLY_ACTIVE_ARCH = YES;
				SDKROOT = iphoneos;
				SWIFT_ACTIVE_COMPILATION_CONDITIONS = DEBUG;
				SWIFT_OPTIMIZATION_LEVEL = "-Onone";
			};
			name = Debug;
		};
		05E3547229113C8D00C125DA /* Release */ = {
			isa = XCBuildConfiguration;
			buildSettings = {
				ALWAYS_SEARCH_USER_PATHS = NO;
				CLANG_ANALYZER_NONNULL = YES;
				CLANG_ANALYZER_NUMBER_OBJECT_CONVERSION = YES_AGGRESSIVE;
				CLANG_CXX_LANGUAGE_STANDARD = "gnu++20";
				CLANG_ENABLE_MODULES = YES;
				CLANG_ENABLE_OBJC_ARC = YES;
				CLANG_ENABLE_OBJC_WEAK = YES;
				CLANG_WARN_BLOCK_CAPTURE_AUTORELEASING = YES;
				CLANG_WARN_BOOL_CONVERSION = YES;
				CLANG_WARN_COMMA = YES;
				CLANG_WARN_CONSTANT_CONVERSION = YES;
				CLANG_WARN_DEPRECATED_OBJC_IMPLEMENTATIONS = YES;
				CLANG_WARN_DIRECT_OBJC_ISA_USAGE = YES_ERROR;
				CLANG_WARN_DOCUMENTATION_COMMENTS = YES;
				CLANG_WARN_EMPTY_BODY = YES;
				CLANG_WARN_ENUM_CONVERSION = YES;
				CLANG_WARN_INFINITE_RECURSION = YES;
				CLANG_WARN_INT_CONVERSION = YES;
				CLANG_WARN_NON_LITERAL_NULL_CONVERSION = YES;
				CLANG_WARN_OBJC_IMPLICIT_RETAIN_SELF = YES;
				CLANG_WARN_OBJC_LITERAL_CONVERSION = YES;
				CLANG_WARN_OBJC_ROOT_CLASS = YES_ERROR;
				CLANG_WARN_QUOTED_INCLUDE_IN_FRAMEWORK_HEADER = YES;
				CLANG_WARN_RANGE_LOOP_ANALYSIS = YES;
				CLANG_WARN_STRICT_PROTOTYPES = YES;
				CLANG_WARN_SUSPICIOUS_MOVE = YES;
				CLANG_WARN_UNGUARDED_AVAILABILITY = YES_AGGRESSIVE;
				CLANG_WARN_UNREACHABLE_CODE = YES;
				CLANG_WARN__DUPLICATE_METHOD_MATCH = YES;
				COPY_PHASE_STRIP = NO;
				DEBUG_INFORMATION_FORMAT = "dwarf-with-dsym";
				ENABLE_NS_ASSERTIONS = NO;
				ENABLE_STRICT_OBJC_MSGSEND = YES;
				GCC_C_LANGUAGE_STANDARD = gnu11;
				GCC_NO_COMMON_BLOCKS = YES;
				GCC_WARN_64_TO_32_BIT_CONVERSION = YES;
				GCC_WARN_ABOUT_RETURN_TYPE = YES_ERROR;
				GCC_WARN_UNDECLARED_SELECTOR = YES;
				GCC_WARN_UNINITIALIZED_AUTOS = YES_AGGRESSIVE;
				GCC_WARN_UNUSED_FUNCTION = YES;
				GCC_WARN_UNUSED_VARIABLE = YES;
				IPHONEOS_DEPLOYMENT_TARGET = 16.1;
				MTL_ENABLE_DEBUG_INFO = NO;
				MTL_FAST_MATH = YES;
				SDKROOT = iphoneos;
				SWIFT_COMPILATION_MODE = wholemodule;
				SWIFT_OPTIMIZATION_LEVEL = "-O";
				VALIDATE_PRODUCT = YES;
			};
			name = Release;
		};
		05E3547429113C8D00C125DA /* Debug */ = {
			isa = XCBuildConfiguration;
			buildSettings = {
				ASSETCATALOG_COMPILER_APPICON_NAME = AppIcon;
				ASSETCATALOG_COMPILER_GLOBAL_ACCENT_COLOR_NAME = AccentColor;
				CODE_SIGN_STYLE = Automatic;
				CURRENT_PROJECT_VERSION = 1;
				DEVELOPMENT_TEAM = 94Y6332Y3J;
				GENERATE_INFOPLIST_FILE = YES;
				INFOPLIST_FILE = HomeWork108/Info.plist;
				INFOPLIST_KEY_UIApplicationSupportsIndirectInputEvents = YES;
				INFOPLIST_KEY_UILaunchStoryboardName = LaunchScreen;
				INFOPLIST_KEY_UISupportedInterfaceOrientations_iPad = "UIInterfaceOrientationPortrait UIInterfaceOrientationPortraitUpsideDown UIInterfaceOrientationLandscapeLeft UIInterfaceOrientationLandscapeRight";
				INFOPLIST_KEY_UISupportedInterfaceOrientations_iPhone = "UIInterfaceOrientationPortrait UIInterfaceOrientationLandscapeLeft UIInterfaceOrientationLandscapeRight";
				IPHONEOS_DEPLOYMENT_TARGET = 16.0;
				LD_RUNPATH_SEARCH_PATHS = (
					"$(inherited)",
					"@executable_path/Frameworks",
				);
				MARKETING_VERSION = 1.0;
				PRODUCT_BUNDLE_IDENTIFIER = com.itis.HomeWork108;
				PRODUCT_NAME = "$(TARGET_NAME)";
				SWIFT_EMIT_LOC_STRINGS = YES;
				SWIFT_VERSION = 5.0;
				TARGETED_DEVICE_FAMILY = "1,2";
			};
			name = Debug;
		};
		05E3547529113C8D00C125DA /* Release */ = {
			isa = XCBuildConfiguration;
			buildSettings = {
				ASSETCATALOG_COMPILER_APPICON_NAME = AppIcon;
				ASSETCATALOG_COMPILER_GLOBAL_ACCENT_COLOR_NAME = AccentColor;
				CODE_SIGN_STYLE = Automatic;
				CURRENT_PROJECT_VERSION = 1;
				DEVELOPMENT_TEAM = 94Y6332Y3J;
				GENERATE_INFOPLIST_FILE = YES;
				INFOPLIST_FILE = HomeWork108/Info.plist;
				INFOPLIST_KEY_UIApplicationSupportsIndirectInputEvents = YES;
				INFOPLIST_KEY_UILaunchStoryboardName = LaunchScreen;
				INFOPLIST_KEY_UISupportedInterfaceOrientations_iPad = "UIInterfaceOrientationPortrait UIInterfaceOrientationPortraitUpsideDown UIInterfaceOrientationLandscapeLeft UIInterfaceOrientationLandscapeRight";
				INFOPLIST_KEY_UISupportedInterfaceOrientations_iPhone = "UIInterfaceOrientationPortrait UIInterfaceOrientationLandscapeLeft UIInterfaceOrientationLandscapeRight";
				IPHONEOS_DEPLOYMENT_TARGET = 16.0;
				LD_RUNPATH_SEARCH_PATHS = (
					"$(inherited)",
					"@executable_path/Frameworks",
				);
				MARKETING_VERSION = 1.0;
				PRODUCT_BUNDLE_IDENTIFIER = com.itis.HomeWork108;
				PRODUCT_NAME = "$(TARGET_NAME)";
				SWIFT_EMIT_LOC_STRINGS = YES;
				SWIFT_VERSION = 5.0;
				TARGETED_DEVICE_FAMILY = "1,2";
			};
			name = Release;
		};
/* End XCBuildConfiguration section */

/* Begin XCConfigurationList section */
		05E3545A29113C8A00C125DA /* Build configuration list for PBXProject "HomeWork108" */ = {
			isa = XCConfigurationList;
			buildConfigurations = (
				05E3547129113C8D00C125DA /* Debug */,
				05E3547229113C8D00C125DA /* Release */,
			);
			defaultConfigurationIsVisible = 0;
			defaultConfigurationName = Release;
		};
		05E3547329113C8D00C125DA /* Build configuration list for PBXNativeTarget "HomeWork108" */ = {
			isa = XCConfigurationList;
			buildConfigurations = (
				05E3547429113C8D00C125DA /* Debug */,
				05E3547529113C8D00C125DA /* Release */,
			);
			defaultConfigurationIsVisible = 0;
			defaultConfigurationName = Release;
		};
/* End XCConfigurationList section */
	};
	rootObject = 05E3545729113C8A00C125DA /* Project object */;
}
