// !$*UTF8*$!
{
	archiveVersion = 1;
	classes = {
	};
	objectVersion = 56;
	objects = {

/* Begin PBXBuildFile section */
		5433D3DE28F07DDA004F52AE /* AppDelegate.swift in Sources */ = {isa = PBXBuildFile; fileRef = 5433D3DD28F07DDA004F52AE /* AppDelegate.swift */; };
		5433D3E028F07DDA004F52AE /* SceneDelegate.swift in Sources */ = {isa = PBXBuildFile; fileRef = 5433D3DF28F07DDA004F52AE /* SceneDelegate.swift */; };
		5433D3E228F07DDA004F52AE /* ViewController.swift in Sources */ = {isa = PBXBuildFile; fileRef = 5433D3E128F07DDA004F52AE /* ViewController.swift */; };
		5433D3E528F07DDA004F52AE /* Main.storyboard in Resources */ = {isa = PBXBuildFile; fileRef = 5433D3E328F07DDA004F52AE /* Main.storyboard */; };
		5433D3E728F07DDB004F52AE /* Assets.xcassets in Resources */ = {isa = PBXBuildFile; fileRef = 5433D3E628F07DDB004F52AE /* Assets.xcassets */; };
		5433D3EA28F07DDB004F52AE /* LaunchScreen.storyboard in Resources */ = {isa = PBXBuildFile; fileRef = 5433D3E828F07DDB004F52AE /* LaunchScreen.storyboard */; };
		5433D3F228F08E41004F52AE /* SecondViewController.swift in Sources */ = {isa = PBXBuildFile; fileRef = 5433D3F128F08E41004F52AE /* SecondViewController.swift */; };
		543536F228F098C000E2F5A5 /* ThirdViewController.swift in Sources */ = {isa = PBXBuildFile; fileRef = 543536F128F098C000E2F5A5 /* ThirdViewController.swift */; };
		543536F428F0AC3A00E2F5A5 /* FourthViewController.swift in Sources */ = {isa = PBXBuildFile; fileRef = 543536F328F0AC3A00E2F5A5 /* FourthViewController.swift */; };
		54CE5C2328F0BD940045089C /* FifthViewController.swift in Sources */ = {isa = PBXBuildFile; fileRef = 54CE5C2228F0BD940045089C /* FifthViewController.swift */; };
/* End PBXBuildFile section */

/* Begin PBXFileReference section */
		5433D3DA28F07DDA004F52AE /* BlackApp.app */ = {isa = PBXFileReference; explicitFileType = wrapper.application; includeInIndex = 0; path = BlackApp.app; sourceTree = BUILT_PRODUCTS_DIR; };
		5433D3DD28F07DDA004F52AE /* AppDelegate.swift */ = {isa = PBXFileReference; lastKnownFileType = sourcecode.swift; path = AppDelegate.swift; sourceTree = "<group>"; };
		5433D3DF28F07DDA004F52AE /* SceneDelegate.swift */ = {isa = PBXFileReference; lastKnownFileType = sourcecode.swift; path = SceneDelegate.swift; sourceTree = "<group>"; };
		5433D3E128F07DDA004F52AE /* ViewController.swift */ = {isa = PBXFileReference; lastKnownFileType = sourcecode.swift; path = ViewController.swift; sourceTree = "<group>"; };
		5433D3E428F07DDA004F52AE /* Base */ = {isa = PBXFileReference; lastKnownFileType = file.storyboard; name = Base; path = Base.lproj/Main.storyboard; sourceTree = "<group>"; };
		5433D3E628F07DDB004F52AE /* Assets.xcassets */ = {isa = PBXFileReference; lastKnownFileType = folder.assetcatalog; path = Assets.xcassets; sourceTree = "<group>"; };
		5433D3E928F07DDB004F52AE /* Base */ = {isa = PBXFileReference; lastKnownFileType = file.storyboard; name = Base; path = Base.lproj/LaunchScreen.storyboard; sourceTree = "<group>"; };
		5433D3EB28F07DDB004F52AE /* Info.plist */ = {isa = PBXFileReference; lastKnownFileType = text.plist.xml; path = Info.plist; sourceTree = "<group>"; };
		5433D3F128F08E41004F52AE /* SecondViewController.swift */ = {isa = PBXFileReference; lastKnownFileType = sourcecode.swift; path = SecondViewController.swift; sourceTree = "<group>"; };
		543536F128F098C000E2F5A5 /* ThirdViewController.swift */ = {isa = PBXFileReference; lastKnownFileType = sourcecode.swift; path = ThirdViewController.swift; sourceTree = "<group>"; };
		543536F328F0AC3A00E2F5A5 /* FourthViewController.swift */ = {isa = PBXFileReference; lastKnownFileType = sourcecode.swift; path = FourthViewController.swift; sourceTree = "<group>"; };
		54CE5C2228F0BD940045089C /* FifthViewController.swift */ = {isa = PBXFileReference; lastKnownFileType = sourcecode.swift; path = FifthViewController.swift; sourceTree = "<group>"; };
/* End PBXFileReference section */

/* Begin PBXFrameworksBuildPhase section */
		5433D3D728F07DDA004F52AE /* Frameworks */ = {
			isa = PBXFrameworksBuildPhase;
			buildActionMask = 2147483647;
			files = (
			);
			runOnlyForDeploymentPostprocessing = 0;
		};
/* End PBXFrameworksBuildPhase section */

/* Begin PBXGroup section */
		5433D3D128F07DDA004F52AE = {
			isa = PBXGroup;
			children = (
				5433D3DC28F07DDA004F52AE /* BlackApp */,
				5433D3DB28F07DDA004F52AE /* Products */,
			);
			sourceTree = "<group>";
		};
		5433D3DB28F07DDA004F52AE /* Products */ = {
			isa = PBXGroup;
			children = (
				5433D3DA28F07DDA004F52AE /* BlackApp.app */,
			);
			name = Products;
			sourceTree = "<group>";
		};
		5433D3DC28F07DDA004F52AE /* BlackApp */ = {
			isa = PBXGroup;
			children = (
				5433D3DD28F07DDA004F52AE /* AppDelegate.swift */,
				5433D3DF28F07DDA004F52AE /* SceneDelegate.swift */,
				5433D3E128F07DDA004F52AE /* ViewController.swift */,
				5433D3F128F08E41004F52AE /* SecondViewController.swift */,
				543536F128F098C000E2F5A5 /* ThirdViewController.swift */,
				543536F328F0AC3A00E2F5A5 /* FourthViewController.swift */,
				54CE5C2228F0BD940045089C /* FifthViewController.swift */,
				5433D3E328F07DDA004F52AE /* Main.storyboard */,
				5433D3E628F07DDB004F52AE /* Assets.xcassets */,
				5433D3E828F07DDB004F52AE /* LaunchScreen.storyboard */,
				5433D3EB28F07DDB004F52AE /* Info.plist */,
			);
			path = BlackApp;
			sourceTree = "<group>";
		};
/* End PBXGroup section */

/* Begin PBXNativeTarget section */
		5433D3D928F07DDA004F52AE /* BlackApp */ = {
			isa = PBXNativeTarget;
			buildConfigurationList = 5433D3EE28F07DDB004F52AE /* Build configuration list for PBXNativeTarget "BlackApp" */;
			buildPhases = (
				5433D3D628F07DDA004F52AE /* Sources */,
				5433D3D728F07DDA004F52AE /* Frameworks */,
				5433D3D828F07DDA004F52AE /* Resources */,
			);
			buildRules = (
			);
			dependencies = (
			);
			name = BlackApp;
			productName = BlackApp;
			productReference = 5433D3DA28F07DDA004F52AE /* BlackApp.app */;
			productType = "com.apple.product-type.application";
		};
/* End PBXNativeTarget section */

/* Begin PBXProject section */
		5433D3D228F07DDA004F52AE /* Project object */ = {
			isa = PBXProject;
			attributes = {
				BuildIndependentTargetsInParallel = 1;
				LastSwiftUpdateCheck = 1410;
				LastUpgradeCheck = 1410;
				TargetAttributes = {
					5433D3D928F07DDA004F52AE = {
						CreatedOnToolsVersion = 14.1;
					};
				};
			};
			buildConfigurationList = 5433D3D528F07DDA004F52AE /* Build configuration list for PBXProject "BlackApp" */;
			compatibilityVersion = "Xcode 14.0";
			developmentRegion = en;
			hasScannedForEncodings = 0;
			knownRegions = (
				en,
				Base,
			);
			mainGroup = 5433D3D128F07DDA004F52AE;
			productRefGroup = 5433D3DB28F07DDA004F52AE /* Products */;
			projectDirPath = "";
			projectRoot = "";
			targets = (
				5433D3D928F07DDA004F52AE /* BlackApp */,
			);
		};
/* End PBXProject section */

/* Begin PBXResourcesBuildPhase section */
		5433D3D828F07DDA004F52AE /* Resources */ = {
			isa = PBXResourcesBuildPhase;
			buildActionMask = 2147483647;
			files = (
				5433D3EA28F07DDB004F52AE /* LaunchScreen.storyboard in Resources */,
				5433D3E728F07DDB004F52AE /* Assets.xcassets in Resources */,
				5433D3E528F07DDA004F52AE /* Main.storyboard in Resources */,
			);
			runOnlyForDeploymentPostprocessing = 0;
		};
/* End PBXResourcesBuildPhase section */

/* Begin PBXSourcesBuildPhase section */
		5433D3D628F07DDA004F52AE /* Sources */ = {
			isa = PBXSourcesBuildPhase;
			buildActionMask = 2147483647;
			files = (
				543536F428F0AC3A00E2F5A5 /* FourthViewController.swift in Sources */,
				5433D3F228F08E41004F52AE /* SecondViewController.swift in Sources */,
				5433D3E228F07DDA004F52AE /* ViewController.swift in Sources */,
				543536F228F098C000E2F5A5 /* ThirdViewController.swift in Sources */,
				5433D3DE28F07DDA004F52AE /* AppDelegate.swift in Sources */,
				5433D3E028F07DDA004F52AE /* SceneDelegate.swift in Sources */,
				54CE5C2328F0BD940045089C /* FifthViewController.swift in Sources */,
			);
			runOnlyForDeploymentPostprocessing = 0;
		};
/* End PBXSourcesBuildPhase section */

/* Begin PBXVariantGroup section */
		5433D3E328F07DDA004F52AE /* Main.storyboard */ = {
			isa = PBXVariantGroup;
			children = (
				5433D3E428F07DDA004F52AE /* Base */,
			);
			name = Main.storyboard;
			sourceTree = "<group>";
		};
		5433D3E828F07DDB004F52AE /* LaunchScreen.storyboard */ = {
			isa = PBXVariantGroup;
			children = (
				5433D3E928F07DDB004F52AE /* Base */,
			);
			name = LaunchScreen.storyboard;
			sourceTree = "<group>";
		};
/* End PBXVariantGroup section */

/* Begin XCBuildConfiguration section */
		5433D3EC28F07DDB004F52AE /* Debug */ = {
			isa = XCBuildConfiguration;
			buildSettings = {
				ALWAYS_SEARCH_USER_PATHS = NO;
				CLANG_ANALYZER_NONNULL = YES;
				CLANG_ANALYZER_NUMBER_OBJECT_CONVERSION = YES_AGGRESSIVE;
				CLANG_CXX_LANGUAGE_STANDARD = "gnu++20";
				CLANG_ENABLE_MODULES = YES;
				CLANG_ENABLE_OBJC_ARC = YES;
				CLANG_ENABLE_OBJC_WEAK = YES;
				CLANG_WARN_BLOCK_CAPTURE_AUTORELEASING = YES;
				CLANG_WARN_BOOL_CONVERSION = YES;
				CLANG_WARN_COMMA = YES;
				CLANG_WARN_CONSTANT_CONVERSION = YES;
				CLANG_WARN_DEPRECATED_OBJC_IMPLEMENTATIONS = YES;
				CLANG_WARN_DIRECT_OBJC_ISA_USAGE = YES_ERROR;
				CLANG_WARN_DOCUMENTATION_COMMENTS = YES;
				CLANG_WARN_EMPTY_BODY = YES;
				CLANG_WARN_ENUM_CONVERSION = YES;
				CLANG_WARN_INFINITE_RECURSION = YES;
				CLANG_WARN_INT_CONVERSION = YES;
				CLANG_WARN_NON_LITERAL_NULL_CONVERSION = YES;
				CLANG_WARN_OBJC_IMPLICIT_RETAIN_SELF = YES;
				CLANG_WARN_OBJC_LITERAL_CONVERSION = YES;
				CLANG_WARN_OBJC_ROOT_CLASS = YES_ERROR;
				CLANG_WARN_QUOTED_INCLUDE_IN_FRAMEWORK_HEADER = YES;
				CLANG_WARN_RANGE_LOOP_ANALYSIS = YES;
				CLANG_WARN_STRICT_PROTOTYPES = YES;
				CLANG_WARN_SUSPICIOUS_MOVE = YES;
				CLANG_WARN_UNGUARDED_AVAILABILITY = YES_AGGRESSIVE;
				CLANG_WARN_UNREACHABLE_CODE = YES;
				CLANG_WARN__DUPLICATE_METHOD_MATCH = YES;
				COPY_PHASE_STRIP = NO;
				DEBUG_INFORMATION_FORMAT = dwarf;
				ENABLE_STRICT_OBJC_MSGSEND = YES;
				ENABLE_TESTABILITY = YES;
				GCC_C_LANGUAGE_STANDARD = gnu11;
				GCC_DYNAMIC_NO_PIC = NO;
				GCC_NO_COMMON_BLOCKS = YES;
				GCC_OPTIMIZATION_LEVEL = 0;
				GCC_PREPROCESSOR_DEFINITIONS = (
					"DEBUG=1",
					"$(inherited)",
				);
				GCC_WARN_64_TO_32_BIT_CONVERSION = YES;
				GCC_WARN_ABOUT_RETURN_TYPE = YES_ERROR;
				GCC_WARN_UNDECLARED_SELECTOR = YES;
				GCC_WARN_UNINITIALIZED_AUTOS = YES_AGGRESSIVE;
				GCC_WARN_UNUSED_FUNCTION = YES;
				GCC_WARN_UNUSED_VARIABLE = YES;
				IPHONEOS_DEPLOYMENT_TARGET = 16.1;
				MTL_ENABLE_DEBUG_INFO = INCLUDE_SOURCE;
				MTL_FAST_MATH = YES;
				ONLY_ACTIVE_ARCH = YES;
				SDKROOT = iphoneos;
				SWIFT_ACTIVE_COMPILATION_CONDITIONS = DEBUG;
				SWIFT_OPTIMIZATION_LEVEL = "-Onone";
			};
			name = Debug;
		};
		5433D3ED28F07DDB004F52AE /* Release */ = {
			isa = XCBuildConfiguration;
			buildSettings = {
				ALWAYS_SEARCH_USER_PATHS = NO;
				CLANG_ANALYZER_NONNULL = YES;
				CLANG_ANALYZER_NUMBER_OBJECT_CONVERSION = YES_AGGRESSIVE;
				CLANG_CXX_LANGUAGE_STANDARD = "gnu++20";
				CLANG_ENABLE_MODULES = YES;
				CLANG_ENABLE_OBJC_ARC = YES;
				CLANG_ENABLE_OBJC_WEAK = YES;
				CLANG_WARN_BLOCK_CAPTURE_AUTORELEASING = YES;
				CLANG_WARN_BOOL_CONVERSION = YES;
				CLANG_WARN_COMMA = YES;
				CLANG_WARN_CONSTANT_CONVERSION = YES;
				CLANG_WARN_DEPRECATED_OBJC_IMPLEMENTATIONS = YES;
				CLANG_WARN_DIRECT_OBJC_ISA_USAGE = YES_ERROR;
				CLANG_WARN_DOCUMENTATION_COMMENTS = YES;
				CLANG_WARN_EMPTY_BODY = YES;
				CLANG_WARN_ENUM_CONVERSION = YES;
				CLANG_WARN_INFINITE_RECURSION = YES;
				CLANG_WARN_INT_CONVERSION = YES;
				CLANG_WARN_NON_LITERAL_NULL_CONVERSION = YES;
				CLANG_WARN_OBJC_IMPLICIT_RETAIN_SELF = YES;
				CLANG_WARN_OBJC_LITERAL_CONVERSION = YES;
				CLANG_WARN_OBJC_ROOT_CLASS = YES_ERROR;
				CLANG_WARN_QUOTED_INCLUDE_IN_FRAMEWORK_HEADER = YES;
				CLANG_WARN_RANGE_LOOP_ANALYSIS = YES;
				CLANG_WARN_STRICT_PROTOTYPES = YES;
				CLANG_WARN_SUSPICIOUS_MOVE = YES;
				CLANG_WARN_UNGUARDED_AVAILABILITY = YES_AGGRESSIVE;
				CLANG_WARN_UNREACHABLE_CODE = YES;
				CLANG_WARN__DUPLICATE_METHOD_MATCH = YES;
				COPY_PHASE_STRIP = NO;
				DEBUG_INFORMATION_FORMAT = "dwarf-with-dsym";
				ENABLE_NS_ASSERTIONS = NO;
				ENABLE_STRICT_OBJC_MSGSEND = YES;
				GCC_C_LANGUAGE_STANDARD = gnu11;
				GCC_NO_COMMON_BLOCKS = YES;
				GCC_WARN_64_TO_32_BIT_CONVERSION = YES;
				GCC_WARN_ABOUT_RETURN_TYPE = YES_ERROR;
				GCC_WARN_UNDECLARED_SELECTOR = YES;
				GCC_WARN_UNINITIALIZED_AUTOS = YES_AGGRESSIVE;
				GCC_WARN_UNUSED_FUNCTION = YES;
				GCC_WARN_UNUSED_VARIABLE = YES;
				IPHONEOS_DEPLOYMENT_TARGET = 16.1;
				MTL_ENABLE_DEBUG_INFO = NO;
				MTL_FAST_MATH = YES;
				SDKROOT = iphoneos;
				SWIFT_COMPILATION_MODE = wholemodule;
				SWIFT_OPTIMIZATION_LEVEL = "-O";
				VALIDATE_PRODUCT = YES;
			};
			name = Release;
		};
		5433D3EF28F07DDB004F52AE /* Debug */ = {
			isa = XCBuildConfiguration;
			buildSettings = {
				ASSETCATALOG_COMPILER_APPICON_NAME = AppIcon;
				ASSETCATALOG_COMPILER_GLOBAL_ACCENT_COLOR_NAME = AccentColor;
				CODE_SIGN_STYLE = Automatic;
				CURRENT_PROJECT_VERSION = 1;
				DEVELOPMENT_TEAM = 7ZJ4NYXD5J;
				GENERATE_INFOPLIST_FILE = YES;
				INFOPLIST_FILE = BlackApp/Info.plist;
				INFOPLIST_KEY_UIApplicationSupportsIndirectInputEvents = YES;
				INFOPLIST_KEY_UILaunchStoryboardName = LaunchScreen;
				INFOPLIST_KEY_UIMainStoryboardFile = Main;
				INFOPLIST_KEY_UISupportedInterfaceOrientations_iPad = "UIInterfaceOrientationPortrait UIInterfaceOrientationPortraitUpsideDown UIInterfaceOrientationLandscapeLeft UIInterfaceOrientationLandscapeRight";
				INFOPLIST_KEY_UISupportedInterfaceOrientations_iPhone = "UIInterfaceOrientationPortrait UIInterfaceOrientationLandscapeLeft UIInterfaceOrientationLandscapeRight";
				IPHONEOS_DEPLOYMENT_TARGET = 16.0;
				LD_RUNPATH_SEARCH_PATHS = (
					"$(inherited)",
					"@executable_path/Frameworks",
				);
				MARKETING_VERSION = 1.0;
				PRODUCT_BUNDLE_IDENTIFIER = ru.kpfu.itis.BlackApp;
				PRODUCT_NAME = "$(TARGET_NAME)";
				SWIFT_EMIT_LOC_STRINGS = YES;
				SWIFT_VERSION = 5.0;
				TARGETED_DEVICE_FAMILY = "1,2";
			};
			name = Debug;
		};
		5433D3F028F07DDB004F52AE /* Release */ = {
			isa = XCBuildConfiguration;
			buildSettings = {
				ASSETCATALOG_COMPILER_APPICON_NAME = AppIcon;
				ASSETCATALOG_COMPILER_GLOBAL_ACCENT_COLOR_NAME = AccentColor;
				CODE_SIGN_STYLE = Automatic;
				CURRENT_PROJECT_VERSION = 1;
				DEVELOPMENT_TEAM = 7ZJ4NYXD5J;
				GENERATE_INFOPLIST_FILE = YES;
				INFOPLIST_FILE = BlackApp/Info.plist;
				INFOPLIST_KEY_UIApplicationSupportsIndirectInputEvents = YES;
				INFOPLIST_KEY_UILaunchStoryboardName = LaunchScreen;
				INFOPLIST_KEY_UIMainStoryboardFile = Main;
				INFOPLIST_KEY_UISupportedInterfaceOrientations_iPad = "UIInterfaceOrientationPortrait UIInterfaceOrientationPortraitUpsideDown UIInterfaceOrientationLandscapeLeft UIInterfaceOrientationLandscapeRight";
				INFOPLIST_KEY_UISupportedInterfaceOrientations_iPhone = "UIInterfaceOrientationPortrait UIInterfaceOrientationLandscapeLeft UIInterfaceOrientationLandscapeRight";
				IPHONEOS_DEPLOYMENT_TARGET = 16.0;
				LD_RUNPATH_SEARCH_PATHS = (
					"$(inherited)",
					"@executable_path/Frameworks",
				);
				MARKETING_VERSION = 1.0;
				PRODUCT_BUNDLE_IDENTIFIER = ru.kpfu.itis.BlackApp;
				PRODUCT_NAME = "$(TARGET_NAME)";
				SWIFT_EMIT_LOC_STRINGS = YES;
				SWIFT_VERSION = 5.0;
				TARGETED_DEVICE_FAMILY = "1,2";
			};
			name = Release;
		};
/* End XCBuildConfiguration section */

/* Begin XCConfigurationList section */
		5433D3D528F07DDA004F52AE /* Build configuration list for PBXProject "BlackApp" */ = {
			isa = XCConfigurationList;
			buildConfigurations = (
				5433D3EC28F07DDB004F52AE /* Debug */,
				5433D3ED28F07DDB004F52AE /* Release */,
			);
			defaultConfigurationIsVisible = 0;
			defaultConfigurationName = Release;
		};
		5433D3EE28F07DDB004F52AE /* Build configuration list for PBXNativeTarget "BlackApp" */ = {
			isa = XCConfigurationList;
			buildConfigurations = (
				5433D3EF28F07DDB004F52AE /* Debug */,
				5433D3F028F07DDB004F52AE /* Release */,
			);
			defaultConfigurationIsVisible = 0;
			defaultConfigurationName = Release;
		};
/* End XCConfigurationList section */
	};
	rootObject = 5433D3D228F07DDA004F52AE /* Project object */;
}
