// !$*UTF8*$!
{
	archiveVersion = 1;
	classes = {
	};
	objectVersion = 56;
	objects = {

/* Begin PBXBuildFile section */
		9A90BB1E29031B5E0010DDA8 /* AppDelegate.swift in Sources */ = {isa = PBXBuildFile; fileRef = 9A90BB1D29031B5E0010DDA8 /* AppDelegate.swift */; };
		9A90BB2029031B5E0010DDA8 /* SceneDelegate.swift in Sources */ = {isa = PBXBuildFile; fileRef = 9A90BB1F29031B5E0010DDA8 /* SceneDelegate.swift */; };
		9A90BB2729031B600010DDA8 /* Assets.xcassets in Resources */ = {isa = PBXBuildFile; fileRef = 9A90BB2629031B600010DDA8 /* Assets.xcassets */; };
		9A90BB2A29031B600010DDA8 /* LaunchScreen.storyboard in Resources */ = {isa = PBXBuildFile; fileRef = 9A90BB2829031B600010DDA8 /* LaunchScreen.storyboard */; };
		9A90BB3329031C020010DDA8 /* CatalogTableViewController.swift in Sources */ = {isa = PBXBuildFile; fileRef = 9A90BB3229031C020010DDA8 /* CatalogTableViewController.swift */; };
		9A90BB3529031D810010DDA8 /* CatalogTableViewCell.swift in Sources */ = {isa = PBXBuildFile; fileRef = 9A90BB3429031D810010DDA8 /* CatalogTableViewCell.swift */; };
		9A90BB3C2903278F0010DDA8 /* Equipment.swift in Sources */ = {isa = PBXBuildFile; fileRef = 9A90BB3B2903278F0010DDA8 /* Equipment.swift */; };
/* End PBXBuildFile section */

/* Begin PBXFileReference section */
		9A90BB1A29031B5E0010DDA8 /* 106hw.app */ = {isa = PBXFileReference; explicitFileType = wrapper.application; includeInIndex = 0; path = 106hw.app; sourceTree = BUILT_PRODUCTS_DIR; };
		9A90BB1D29031B5E0010DDA8 /* AppDelegate.swift */ = {isa = PBXFileReference; lastKnownFileType = sourcecode.swift; path = AppDelegate.swift; sourceTree = "<group>"; };
		9A90BB1F29031B5E0010DDA8 /* SceneDelegate.swift */ = {isa = PBXFileReference; lastKnownFileType = sourcecode.swift; path = SceneDelegate.swift; sourceTree = "<group>"; };
		9A90BB2629031B600010DDA8 /* Assets.xcassets */ = {isa = PBXFileReference; lastKnownFileType = folder.assetcatalog; path = Assets.xcassets; sourceTree = "<group>"; };
		9A90BB2929031B600010DDA8 /* Base */ = {isa = PBXFileReference; lastKnownFileType = file.storyboard; name = Base; path = Base.lproj/LaunchScreen.storyboard; sourceTree = "<group>"; };
		9A90BB2B29031B600010DDA8 /* Info.plist */ = {isa = PBXFileReference; lastKnownFileType = text.plist.xml; path = Info.plist; sourceTree = "<group>"; };
		9A90BB3229031C020010DDA8 /* CatalogTableViewController.swift */ = {isa = PBXFileReference; lastKnownFileType = sourcecode.swift; path = CatalogTableViewController.swift; sourceTree = "<group>"; };
		9A90BB3429031D810010DDA8 /* CatalogTableViewCell.swift */ = {isa = PBXFileReference; lastKnownFileType = sourcecode.swift; path = CatalogTableViewCell.swift; sourceTree = "<group>"; };
		9A90BB3B2903278F0010DDA8 /* Equipment.swift */ = {isa = PBXFileReference; lastKnownFileType = sourcecode.swift; path = Equipment.swift; sourceTree = "<group>"; };
/* End PBXFileReference section */

/* Begin PBXFrameworksBuildPhase section */
		9A90BB1729031B5E0010DDA8 /* Frameworks */ = {
			isa = PBXFrameworksBuildPhase;
			buildActionMask = 2147483647;
			files = (
			);
			runOnlyForDeploymentPostprocessing = 0;
		};
/* End PBXFrameworksBuildPhase section */

/* Begin PBXGroup section */
		9A90BB1129031B5E0010DDA8 = {
			isa = PBXGroup;
			children = (
				9A90BB1C29031B5E0010DDA8 /* 106hw */,
				9A90BB1B29031B5E0010DDA8 /* Products */,
			);
			sourceTree = "<group>";
		};
		9A90BB1B29031B5E0010DDA8 /* Products */ = {
			isa = PBXGroup;
			children = (
				9A90BB1A29031B5E0010DDA8 /* 106hw.app */,
			);
			name = Products;
			sourceTree = "<group>";
		};
		9A90BB1C29031B5E0010DDA8 /* 106hw */ = {
			isa = PBXGroup;
			children = (
				9A90BB2B29031B600010DDA8 /* Info.plist */,
				9A90BB39290327710010DDA8 /* Models */,
				9A90BB3829031DDD0010DDA8 /* Storyboards */,
				9A90BB3729031DD20010DDA8 /* Resources */,
				9A90BB3629031DBF0010DDA8 /* App */,
				9A90BB3129031BDA0010DDA8 /* View Controllers */,
			);
			path = 106hw;
			sourceTree = "<group>";
		};
		9A90BB3129031BDA0010DDA8 /* View Controllers */ = {
			isa = PBXGroup;
			children = (
				9A90BB3229031C020010DDA8 /* CatalogTableViewController.swift */,
				9A90BB3429031D810010DDA8 /* CatalogTableViewCell.swift */,
			);
			path = "View Controllers";
			sourceTree = "<group>";
		};
		9A90BB3629031DBF0010DDA8 /* App */ = {
			isa = PBXGroup;
			children = (
				9A90BB1D29031B5E0010DDA8 /* AppDelegate.swift */,
				9A90BB1F29031B5E0010DDA8 /* SceneDelegate.swift */,
			);
			path = App;
			sourceTree = "<group>";
		};
		9A90BB3729031DD20010DDA8 /* Resources */ = {
			isa = PBXGroup;
			children = (
				9A90BB2629031B600010DDA8 /* Assets.xcassets */,
			);
			path = Resources;
			sourceTree = "<group>";
		};
		9A90BB3829031DDD0010DDA8 /* Storyboards */ = {
			isa = PBXGroup;
			children = (
				9A90BB2829031B600010DDA8 /* LaunchScreen.storyboard */,
			);
			path = Storyboards;
			sourceTree = "<group>";
		};
		9A90BB39290327710010DDA8 /* Models */ = {
			isa = PBXGroup;
			children = (
				9A90BB3B2903278F0010DDA8 /* Equipment.swift */,
			);
			path = Models;
			sourceTree = "<group>";
		};
/* End PBXGroup section */

/* Begin PBXNativeTarget section */
		9A90BB1929031B5E0010DDA8 /* 106hw */ = {
			isa = PBXNativeTarget;
			buildConfigurationList = 9A90BB2E29031B600010DDA8 /* Build configuration list for PBXNativeTarget "106hw" */;
			buildPhases = (
				9A90BB1629031B5E0010DDA8 /* Sources */,
				9A90BB1729031B5E0010DDA8 /* Frameworks */,
				9A90BB1829031B5E0010DDA8 /* Resources */,
			);
			buildRules = (
			);
			dependencies = (
			);
			name = 106hw;
			productName = 106hw;
			productReference = 9A90BB1A29031B5E0010DDA8 /* 106hw.app */;
			productType = "com.apple.product-type.application";
		};
/* End PBXNativeTarget section */

/* Begin PBXProject section */
		9A90BB1229031B5E0010DDA8 /* Project object */ = {
			isa = PBXProject;
			attributes = {
				BuildIndependentTargetsInParallel = 1;
				LastSwiftUpdateCheck = 1400;
				LastUpgradeCheck = 1400;
				TargetAttributes = {
					9A90BB1929031B5E0010DDA8 = {
						CreatedOnToolsVersion = 14.0.1;
					};
				};
			};
			buildConfigurationList = 9A90BB1529031B5E0010DDA8 /* Build configuration list for PBXProject "106hw" */;
			compatibilityVersion = "Xcode 14.0";
			developmentRegion = en;
			hasScannedForEncodings = 0;
			knownRegions = (
				en,
				Base,
			);
			mainGroup = 9A90BB1129031B5E0010DDA8;
			productRefGroup = 9A90BB1B29031B5E0010DDA8 /* Products */;
			projectDirPath = "";
			projectRoot = "";
			targets = (
				9A90BB1929031B5E0010DDA8 /* 106hw */,
			);
		};
/* End PBXProject section */

/* Begin PBXResourcesBuildPhase section */
		9A90BB1829031B5E0010DDA8 /* Resources */ = {
			isa = PBXResourcesBuildPhase;
			buildActionMask = 2147483647;
			files = (
				9A90BB2A29031B600010DDA8 /* LaunchScreen.storyboard in Resources */,
				9A90BB2729031B600010DDA8 /* Assets.xcassets in Resources */,
			);
			runOnlyForDeploymentPostprocessing = 0;
		};
/* End PBXResourcesBuildPhase section */

/* Begin PBXSourcesBuildPhase section */
		9A90BB1629031B5E0010DDA8 /* Sources */ = {
			isa = PBXSourcesBuildPhase;
			buildActionMask = 2147483647;
			files = (
				9A90BB1E29031B5E0010DDA8 /* AppDelegate.swift in Sources */,
				9A90BB3329031C020010DDA8 /* CatalogTableViewController.swift in Sources */,
				9A90BB2029031B5E0010DDA8 /* SceneDelegate.swift in Sources */,
				9A90BB3529031D810010DDA8 /* CatalogTableViewCell.swift in Sources */,
				9A90BB3C2903278F0010DDA8 /* Equipment.swift in Sources */,
			);
			runOnlyForDeploymentPostprocessing = 0;
		};
/* End PBXSourcesBuildPhase section */

/* Begin PBXVariantGroup section */
		9A90BB2829031B600010DDA8 /* LaunchScreen.storyboard */ = {
			isa = PBXVariantGroup;
			children = (
				9A90BB2929031B600010DDA8 /* Base */,
			);
			name = LaunchScreen.storyboard;
			sourceTree = "<group>";
		};
/* End PBXVariantGroup section */

/* Begin XCBuildConfiguration section */
		9A90BB2C29031B600010DDA8 /* Debug */ = {
			isa = XCBuildConfiguration;
			buildSettings = {
				ALWAYS_SEARCH_USER_PATHS = NO;
				CLANG_ANALYZER_NONNULL = YES;
				CLANG_ANALYZER_NUMBER_OBJECT_CONVERSION = YES_AGGRESSIVE;
				CLANG_CXX_LANGUAGE_STANDARD = "gnu++20";
				CLANG_ENABLE_MODULES = YES;
				CLANG_ENABLE_OBJC_ARC = YES;
				CLANG_ENABLE_OBJC_WEAK = YES;
				CLANG_WARN_BLOCK_CAPTURE_AUTORELEASING = YES;
				CLANG_WARN_BOOL_CONVERSION = YES;
				CLANG_WARN_COMMA = YES;
				CLANG_WARN_CONSTANT_CONVERSION = YES;
				CLANG_WARN_DEPRECATED_OBJC_IMPLEMENTATIONS = YES;
				CLANG_WARN_DIRECT_OBJC_ISA_USAGE = YES_ERROR;
				CLANG_WARN_DOCUMENTATION_COMMENTS = YES;
				CLANG_WARN_EMPTY_BODY = YES;
				CLANG_WARN_ENUM_CONVERSION = YES;
				CLANG_WARN_INFINITE_RECURSION = YES;
				CLANG_WARN_INT_CONVERSION = YES;
				CLANG_WARN_NON_LITERAL_NULL_CONVERSION = YES;
				CLANG_WARN_OBJC_IMPLICIT_RETAIN_SELF = YES;
				CLANG_WARN_OBJC_LITERAL_CONVERSION = YES;
				CLANG_WARN_OBJC_ROOT_CLASS = YES_ERROR;
				CLANG_WARN_QUOTED_INCLUDE_IN_FRAMEWORK_HEADER = YES;
				CLANG_WARN_RANGE_LOOP_ANALYSIS = YES;
				CLANG_WARN_STRICT_PROTOTYPES = YES;
				CLANG_WARN_SUSPICIOUS_MOVE = YES;
				CLANG_WARN_UNGUARDED_AVAILABILITY = YES_AGGRESSIVE;
				CLANG_WARN_UNREACHABLE_CODE = YES;
				CLANG_WARN__DUPLICATE_METHOD_MATCH = YES;
				COPY_PHASE_STRIP = NO;
				DEBUG_INFORMATION_FORMAT = dwarf;
				ENABLE_STRICT_OBJC_MSGSEND = YES;
				ENABLE_TESTABILITY = YES;
				GCC_C_LANGUAGE_STANDARD = gnu11;
				GCC_DYNAMIC_NO_PIC = NO;
				GCC_NO_COMMON_BLOCKS = YES;
				GCC_OPTIMIZATION_LEVEL = 0;
				GCC_PREPROCESSOR_DEFINITIONS = (
					"DEBUG=1",
					"$(inherited)",
				);
				GCC_WARN_64_TO_32_BIT_CONVERSION = YES;
				GCC_WARN_ABOUT_RETURN_TYPE = YES_ERROR;
				GCC_WARN_UNDECLARED_SELECTOR = YES;
				GCC_WARN_UNINITIALIZED_AUTOS = YES_AGGRESSIVE;
				GCC_WARN_UNUSED_FUNCTION = YES;
				GCC_WARN_UNUSED_VARIABLE = YES;
				IPHONEOS_DEPLOYMENT_TARGET = 16.0;
				MTL_ENABLE_DEBUG_INFO = INCLUDE_SOURCE;
				MTL_FAST_MATH = YES;
				ONLY_ACTIVE_ARCH = YES;
				SDKROOT = iphoneos;
				SWIFT_ACTIVE_COMPILATION_CONDITIONS = DEBUG;
				SWIFT_OPTIMIZATION_LEVEL = "-Onone";
			};
			name = Debug;
		};
		9A90BB2D29031B600010DDA8 /* Release */ = {
			isa = XCBuildConfiguration;
			buildSettings = {
				ALWAYS_SEARCH_USER_PATHS = NO;
				CLANG_ANALYZER_NONNULL = YES;
				CLANG_ANALYZER_NUMBER_OBJECT_CONVERSION = YES_AGGRESSIVE;
				CLANG_CXX_LANGUAGE_STANDARD = "gnu++20";
				CLANG_ENABLE_MODULES = YES;
				CLANG_ENABLE_OBJC_ARC = YES;
				CLANG_ENABLE_OBJC_WEAK = YES;
				CLANG_WARN_BLOCK_CAPTURE_AUTORELEASING = YES;
				CLANG_WARN_BOOL_CONVERSION = YES;
				CLANG_WARN_COMMA = YES;
				CLANG_WARN_CONSTANT_CONVERSION = YES;
				CLANG_WARN_DEPRECATED_OBJC_IMPLEMENTATIONS = YES;
				CLANG_WARN_DIRECT_OBJC_ISA_USAGE = YES_ERROR;
				CLANG_WARN_DOCUMENTATION_COMMENTS = YES;
				CLANG_WARN_EMPTY_BODY = YES;
				CLANG_WARN_ENUM_CONVERSION = YES;
				CLANG_WARN_INFINITE_RECURSION = YES;
				CLANG_WARN_INT_CONVERSION = YES;
				CLANG_WARN_NON_LITERAL_NULL_CONVERSION = YES;
				CLANG_WARN_OBJC_IMPLICIT_RETAIN_SELF = YES;
				CLANG_WARN_OBJC_LITERAL_CONVERSION = YES;
				CLANG_WARN_OBJC_ROOT_CLASS = YES_ERROR;
				CLANG_WARN_QUOTED_INCLUDE_IN_FRAMEWORK_HEADER = YES;
				CLANG_WARN_RANGE_LOOP_ANALYSIS = YES;
				CLANG_WARN_STRICT_PROTOTYPES = YES;
				CLANG_WARN_SUSPICIOUS_MOVE = YES;
				CLANG_WARN_UNGUARDED_AVAILABILITY = YES_AGGRESSIVE;
				CLANG_WARN_UNREACHABLE_CODE = YES;
				CLANG_WARN__DUPLICATE_METHOD_MATCH = YES;
				COPY_PHASE_STRIP = NO;
				DEBUG_INFORMATION_FORMAT = "dwarf-with-dsym";
				ENABLE_NS_ASSERTIONS = NO;
				ENABLE_STRICT_OBJC_MSGSEND = YES;
				GCC_C_LANGUAGE_STANDARD = gnu11;
				GCC_NO_COMMON_BLOCKS = YES;
				GCC_WARN_64_TO_32_BIT_CONVERSION = YES;
				GCC_WARN_ABOUT_RETURN_TYPE = YES_ERROR;
				GCC_WARN_UNDECLARED_SELECTOR = YES;
				GCC_WARN_UNINITIALIZED_AUTOS = YES_AGGRESSIVE;
				GCC_WARN_UNUSED_FUNCTION = YES;
				GCC_WARN_UNUSED_VARIABLE = YES;
				IPHONEOS_DEPLOYMENT_TARGET = 16.0;
				MTL_ENABLE_DEBUG_INFO = NO;
				MTL_FAST_MATH = YES;
				SDKROOT = iphoneos;
				SWIFT_COMPILATION_MODE = wholemodule;
				SWIFT_OPTIMIZATION_LEVEL = "-O";
				VALIDATE_PRODUCT = YES;
			};
			name = Release;
		};
		9A90BB2F29031B600010DDA8 /* Debug */ = {
			isa = XCBuildConfiguration;
			buildSettings = {
				ASSETCATALOG_COMPILER_APPICON_NAME = AppIcon;
				ASSETCATALOG_COMPILER_GLOBAL_ACCENT_COLOR_NAME = AccentColor;
				CODE_SIGN_STYLE = Automatic;
				CURRENT_PROJECT_VERSION = 1;
				GENERATE_INFOPLIST_FILE = YES;
				INFOPLIST_FILE = 106hw/Info.plist;
				INFOPLIST_KEY_UIApplicationSupportsIndirectInputEvents = YES;
				INFOPLIST_KEY_UILaunchStoryboardName = LaunchScreen;
				INFOPLIST_KEY_UISupportedInterfaceOrientations_iPad = "UIInterfaceOrientationPortrait UIInterfaceOrientationPortraitUpsideDown UIInterfaceOrientationLandscapeLeft UIInterfaceOrientationLandscapeRight";
				INFOPLIST_KEY_UISupportedInterfaceOrientations_iPhone = "UIInterfaceOrientationPortrait UIInterfaceOrientationLandscapeLeft UIInterfaceOrientationLandscapeRight";
				LD_RUNPATH_SEARCH_PATHS = (
					"$(inherited)",
					"@executable_path/Frameworks",
				);
				MARKETING_VERSION = 1.0;
				PRODUCT_BUNDLE_IDENTIFIER = "com.-06hw";
				PRODUCT_NAME = "$(TARGET_NAME)";
				SWIFT_EMIT_LOC_STRINGS = YES;
				SWIFT_VERSION = 5.0;
				TARGETED_DEVICE_FAMILY = "1,2";
			};
			name = Debug;
		};
		9A90BB3029031B600010DDA8 /* Release */ = {
			isa = XCBuildConfiguration;
			buildSettings = {
				ASSETCATALOG_COMPILER_APPICON_NAME = AppIcon;
				ASSETCATALOG_COMPILER_GLOBAL_ACCENT_COLOR_NAME = AccentColor;
				CODE_SIGN_STYLE = Automatic;
				CURRENT_PROJECT_VERSION = 1;
				GENERATE_INFOPLIST_FILE = YES;
				INFOPLIST_FILE = 106hw/Info.plist;
				INFOPLIST_KEY_UIApplicationSupportsIndirectInputEvents = YES;
				INFOPLIST_KEY_UILaunchStoryboardName = LaunchScreen;
				INFOPLIST_KEY_UISupportedInterfaceOrientations_iPad = "UIInterfaceOrientationPortrait UIInterfaceOrientationPortraitUpsideDown UIInterfaceOrientationLandscapeLeft UIInterfaceOrientationLandscapeRight";
				INFOPLIST_KEY_UISupportedInterfaceOrientations_iPhone = "UIInterfaceOrientationPortrait UIInterfaceOrientationLandscapeLeft UIInterfaceOrientationLandscapeRight";
				LD_RUNPATH_SEARCH_PATHS = (
					"$(inherited)",
					"@executable_path/Frameworks",
				);
				MARKETING_VERSION = 1.0;
				PRODUCT_BUNDLE_IDENTIFIER = "com.-06hw";
				PRODUCT_NAME = "$(TARGET_NAME)";
				SWIFT_EMIT_LOC_STRINGS = YES;
				SWIFT_VERSION = 5.0;
				TARGETED_DEVICE_FAMILY = "1,2";
			};
			name = Release;
		};
/* End XCBuildConfiguration section */

/* Begin XCConfigurationList section */
		9A90BB1529031B5E0010DDA8 /* Build configuration list for PBXProject "106hw" */ = {
			isa = XCConfigurationList;
			buildConfigurations = (
				9A90BB2C29031B600010DDA8 /* Debug */,
				9A90BB2D29031B600010DDA8 /* Release */,
			);
			defaultConfigurationIsVisible = 0;
			defaultConfigurationName = Release;
		};
		9A90BB2E29031B600010DDA8 /* Build configuration list for PBXNativeTarget "106hw" */ = {
			isa = XCConfigurationList;
			buildConfigurations = (
				9A90BB2F29031B600010DDA8 /* Debug */,
				9A90BB3029031B600010DDA8 /* Release */,
			);
			defaultConfigurationIsVisible = 0;
			defaultConfigurationName = Release;
		};
/* End XCConfigurationList section */
	};
	rootObject = 9A90BB1229031B5E0010DDA8 /* Project object */;
}
