// !$*UTF8*$!
{
	archiveVersion = 1;
	classes = {
	};
	objectVersion = 55;
	objects = {

/* Begin PBXBuildFile section */
		9A0D55F628F213CC00336C36 /* browseViewController.swift in Sources */ = {isa = PBXBuildFile; fileRef = 9A0D55F528F213CC00336C36 /* browseViewController.swift */; };
		9AA122FB28E86E9200252763 /* AppDelegate.swift in Sources */ = {isa = PBXBuildFile; fileRef = 9AA122FA28E86E9200252763 /* AppDelegate.swift */; };
		9AA122FD28E86E9200252763 /* SceneDelegate.swift in Sources */ = {isa = PBXBuildFile; fileRef = 9AA122FC28E86E9200252763 /* SceneDelegate.swift */; };
		9AA122FF28E86E9200252763 /* ViewController.swift in Sources */ = {isa = PBXBuildFile; fileRef = 9AA122FE28E86E9200252763 /* ViewController.swift */; };
		9AA1230228E86E9200252763 /* Main.storyboard in Resources */ = {isa = PBXBuildFile; fileRef = 9AA1230028E86E9200252763 /* Main.storyboard */; };
		9AA1230428E86E9200252763 /* Assets.xcassets in Resources */ = {isa = PBXBuildFile; fileRef = 9AA1230328E86E9200252763 /* Assets.xcassets */; };
		9AA1230728E86E9200252763 /* LaunchScreen.storyboard in Resources */ = {isa = PBXBuildFile; fileRef = 9AA1230528E86E9200252763 /* LaunchScreen.storyboard */; };
		9AD6C11528F1C2F90063C26B /* tabBarViewController.swift in Sources */ = {isa = PBXBuildFile; fileRef = 9AD6C11428F1C2F90063C26B /* tabBarViewController.swift */; };
		9AD6C11728F1C6A30063C26B /* signOutViewController.swift in Sources */ = {isa = PBXBuildFile; fileRef = 9AD6C11628F1C6A30063C26B /* signOutViewController.swift */; };
		9AD6C11928F1ED6D0063C26B /* catalogViewController.swift in Sources */ = {isa = PBXBuildFile; fileRef = 9AD6C11828F1ED6D0063C26B /* catalogViewController.swift */; };
		9AD6C11B28F1ED7B0063C26B /* animalViewController.swift in Sources */ = {isa = PBXBuildFile; fileRef = 9AD6C11A28F1ED7B0063C26B /* animalViewController.swift */; };
/* End PBXBuildFile section */

/* Begin PBXFileReference section */
		9A0D55F528F213CC00336C36 /* browseViewController.swift */ = {isa = PBXFileReference; lastKnownFileType = sourcecode.swift; path = browseViewController.swift; sourceTree = "<group>"; };
		9AA122F728E86E9200252763 /* 104HW.app */ = {isa = PBXFileReference; explicitFileType = wrapper.application; includeInIndex = 0; path = 104HW.app; sourceTree = BUILT_PRODUCTS_DIR; };
		9AA122FA28E86E9200252763 /* AppDelegate.swift */ = {isa = PBXFileReference; lastKnownFileType = sourcecode.swift; path = AppDelegate.swift; sourceTree = "<group>"; };
		9AA122FC28E86E9200252763 /* SceneDelegate.swift */ = {isa = PBXFileReference; lastKnownFileType = sourcecode.swift; path = SceneDelegate.swift; sourceTree = "<group>"; };
		9AA122FE28E86E9200252763 /* ViewController.swift */ = {isa = PBXFileReference; lastKnownFileType = sourcecode.swift; path = ViewController.swift; sourceTree = "<group>"; };
		9AA1230128E86E9200252763 /* Base */ = {isa = PBXFileReference; lastKnownFileType = file.storyboard; name = Base; path = Base.lproj/Main.storyboard; sourceTree = "<group>"; };
		9AA1230328E86E9200252763 /* Assets.xcassets */ = {isa = PBXFileReference; lastKnownFileType = folder.assetcatalog; path = Assets.xcassets; sourceTree = "<group>"; };
		9AA1230628E86E9200252763 /* Base */ = {isa = PBXFileReference; lastKnownFileType = file.storyboard; name = Base; path = Base.lproj/LaunchScreen.storyboard; sourceTree = "<group>"; };
		9AA1230828E86E9200252763 /* Info.plist */ = {isa = PBXFileReference; lastKnownFileType = text.plist.xml; path = Info.plist; sourceTree = "<group>"; };
		9AD6C11428F1C2F90063C26B /* tabBarViewController.swift */ = {isa = PBXFileReference; lastKnownFileType = sourcecode.swift; path = tabBarViewController.swift; sourceTree = "<group>"; };
		9AD6C11628F1C6A30063C26B /* signOutViewController.swift */ = {isa = PBXFileReference; lastKnownFileType = sourcecode.swift; path = signOutViewController.swift; sourceTree = "<group>"; };
		9AD6C11828F1ED6D0063C26B /* catalogViewController.swift */ = {isa = PBXFileReference; lastKnownFileType = sourcecode.swift; path = catalogViewController.swift; sourceTree = "<group>"; };
		9AD6C11A28F1ED7B0063C26B /* animalViewController.swift */ = {isa = PBXFileReference; lastKnownFileType = sourcecode.swift; path = animalViewController.swift; sourceTree = "<group>"; };
/* End PBXFileReference section */

/* Begin PBXFrameworksBuildPhase section */
		9AA122F428E86E9200252763 /* Frameworks */ = {
			isa = PBXFrameworksBuildPhase;
			buildActionMask = 2147483647;
			files = (
			);
			runOnlyForDeploymentPostprocessing = 0;
		};
/* End PBXFrameworksBuildPhase section */

/* Begin PBXGroup section */
		9AA122EE28E86E9200252763 = {
			isa = PBXGroup;
			children = (
				9AA122F928E86E9200252763 /* 104HW */,
				9AA122F828E86E9200252763 /* Products */,
			);
			sourceTree = "<group>";
		};
		9AA122F828E86E9200252763 /* Products */ = {
			isa = PBXGroup;
			children = (
				9AA122F728E86E9200252763 /* 104HW.app */,
			);
			name = Products;
			sourceTree = "<group>";
		};
		9AA122F928E86E9200252763 /* 104HW */ = {
			isa = PBXGroup;
			children = (
				9AA122FA28E86E9200252763 /* AppDelegate.swift */,
				9AA122FC28E86E9200252763 /* SceneDelegate.swift */,
				9AA122FE28E86E9200252763 /* ViewController.swift */,
				9AD6C11428F1C2F90063C26B /* tabBarViewController.swift */,
				9AD6C11828F1ED6D0063C26B /* catalogViewController.swift */,
				9AD6C11A28F1ED7B0063C26B /* animalViewController.swift */,
				9A0D55F528F213CC00336C36 /* browseViewController.swift */,
				9AD6C11628F1C6A30063C26B /* signOutViewController.swift */,
				9AA1230028E86E9200252763 /* Main.storyboard */,
				9AA1230328E86E9200252763 /* Assets.xcassets */,
				9AA1230528E86E9200252763 /* LaunchScreen.storyboard */,
				9AA1230828E86E9200252763 /* Info.plist */,
			);
			path = 104HW;
			sourceTree = "<group>";
		};
/* End PBXGroup section */

/* Begin PBXNativeTarget section */
		9AA122F628E86E9200252763 /* 104HW */ = {
			isa = PBXNativeTarget;
			buildConfigurationList = 9AA1230B28E86E9200252763 /* Build configuration list for PBXNativeTarget "104HW" */;
			buildPhases = (
				9AA122F328E86E9200252763 /* Sources */,
				9AA122F428E86E9200252763 /* Frameworks */,
				9AA122F528E86E9200252763 /* Resources */,
			);
			buildRules = (
			);
			dependencies = (
			);
			name = 104HW;
			productName = 104HW;
			productReference = 9AA122F728E86E9200252763 /* 104HW.app */;
			productType = "com.apple.product-type.application";
		};
/* End PBXNativeTarget section */

/* Begin PBXProject section */
		9AA122EF28E86E9200252763 /* Project object */ = {
			isa = PBXProject;
			attributes = {
				BuildIndependentTargetsInParallel = 1;
				LastSwiftUpdateCheck = 1340;
				LastUpgradeCheck = 1340;
				TargetAttributes = {
					9AA122F628E86E9200252763 = {
						CreatedOnToolsVersion = 13.4.1;
					};
				};
			};
			buildConfigurationList = 9AA122F228E86E9200252763 /* Build configuration list for PBXProject "104HW" */;
			compatibilityVersion = "Xcode 13.0";
			developmentRegion = en;
			hasScannedForEncodings = 0;
			knownRegions = (
				en,
				Base,
			);
			mainGroup = 9AA122EE28E86E9200252763;
			productRefGroup = 9AA122F828E86E9200252763 /* Products */;
			projectDirPath = "";
			projectRoot = "";
			targets = (
				9AA122F628E86E9200252763 /* 104HW */,
			);
		};
/* End PBXProject section */

/* Begin PBXResourcesBuildPhase section */
		9AA122F528E86E9200252763 /* Resources */ = {
			isa = PBXResourcesBuildPhase;
			buildActionMask = 2147483647;
			files = (
				9AA1230728E86E9200252763 /* LaunchScreen.storyboard in Resources */,
				9AA1230428E86E9200252763 /* Assets.xcassets in Resources */,
				9AA1230228E86E9200252763 /* Main.storyboard in Resources */,
			);
			runOnlyForDeploymentPostprocessing = 0;
		};
/* End PBXResourcesBuildPhase section */

/* Begin PBXSourcesBuildPhase section */
		9AA122F328E86E9200252763 /* Sources */ = {
			isa = PBXSourcesBuildPhase;
			buildActionMask = 2147483647;
			files = (
				9AD6C11B28F1ED7B0063C26B /* animalViewController.swift in Sources */,
				9AD6C11928F1ED6D0063C26B /* catalogViewController.swift in Sources */,
				9AD6C11528F1C2F90063C26B /* tabBarViewController.swift in Sources */,
				9AA122FF28E86E9200252763 /* ViewController.swift in Sources */,
				9AA122FB28E86E9200252763 /* AppDelegate.swift in Sources */,
				9AA122FD28E86E9200252763 /* SceneDelegate.swift in Sources */,
				9A0D55F628F213CC00336C36 /* browseViewController.swift in Sources */,
				9AD6C11728F1C6A30063C26B /* signOutViewController.swift in Sources */,
			);
			runOnlyForDeploymentPostprocessing = 0;
		};
/* End PBXSourcesBuildPhase section */

/* Begin PBXVariantGroup section */
		9AA1230028E86E9200252763 /* Main.storyboard */ = {
			isa = PBXVariantGroup;
			children = (
				9AA1230128E86E9200252763 /* Base */,
			);
			name = Main.storyboard;
			sourceTree = "<group>";
		};
		9AA1230528E86E9200252763 /* LaunchScreen.storyboard */ = {
			isa = PBXVariantGroup;
			children = (
				9AA1230628E86E9200252763 /* Base */,
			);
			name = LaunchScreen.storyboard;
			sourceTree = "<group>";
		};
/* End PBXVariantGroup section */

/* Begin XCBuildConfiguration section */
		9AA1230928E86E9200252763 /* Debug */ = {
			isa = XCBuildConfiguration;
			buildSettings = {
				ALWAYS_SEARCH_USER_PATHS = NO;
				CLANG_ANALYZER_NONNULL = YES;
				CLANG_ANALYZER_NUMBER_OBJECT_CONVERSION = YES_AGGRESSIVE;
				CLANG_CXX_LANGUAGE_STANDARD = "gnu++17";
				CLANG_ENABLE_MODULES = YES;
				CLANG_ENABLE_OBJC_ARC = YES;
				CLANG_ENABLE_OBJC_WEAK = YES;
				CLANG_WARN_BLOCK_CAPTURE_AUTORELEASING = YES;
				CLANG_WARN_BOOL_CONVERSION = YES;
				CLANG_WARN_COMMA = YES;
				CLANG_WARN_CONSTANT_CONVERSION = YES;
				CLANG_WARN_DEPRECATED_OBJC_IMPLEMENTATIONS = YES;
				CLANG_WARN_DIRECT_OBJC_ISA_USAGE = YES_ERROR;
				CLANG_WARN_DOCUMENTATION_COMMENTS = YES;
				CLANG_WARN_EMPTY_BODY = YES;
				CLANG_WARN_ENUM_CONVERSION = YES;
				CLANG_WARN_INFINITE_RECURSION = YES;
				CLANG_WARN_INT_CONVERSION = YES;
				CLANG_WARN_NON_LITERAL_NULL_CONVERSION = YES;
				CLANG_WARN_OBJC_IMPLICIT_RETAIN_SELF = YES;
				CLANG_WARN_OBJC_LITERAL_CONVERSION = YES;
				CLANG_WARN_OBJC_ROOT_CLASS = YES_ERROR;
				CLANG_WARN_QUOTED_INCLUDE_IN_FRAMEWORK_HEADER = YES;
				CLANG_WARN_RANGE_LOOP_ANALYSIS = YES;
				CLANG_WARN_STRICT_PROTOTYPES = YES;
				CLANG_WARN_SUSPICIOUS_MOVE = YES;
				CLANG_WARN_UNGUARDED_AVAILABILITY = YES_AGGRESSIVE;
				CLANG_WARN_UNREACHABLE_CODE = YES;
				CLANG_WARN__DUPLICATE_METHOD_MATCH = YES;
				COPY_PHASE_STRIP = NO;
				DEBUG_INFORMATION_FORMAT = dwarf;
				ENABLE_STRICT_OBJC_MSGSEND = YES;
				ENABLE_TESTABILITY = YES;
				GCC_C_LANGUAGE_STANDARD = gnu11;
				GCC_DYNAMIC_NO_PIC = NO;
				GCC_NO_COMMON_BLOCKS = YES;
				GCC_OPTIMIZATION_LEVEL = 0;
				GCC_PREPROCESSOR_DEFINITIONS = (
					"DEBUG=1",
					"$(inherited)",
				);
				GCC_WARN_64_TO_32_BIT_CONVERSION = YES;
				GCC_WARN_ABOUT_RETURN_TYPE = YES_ERROR;
				GCC_WARN_UNDECLARED_SELECTOR = YES;
				GCC_WARN_UNINITIALIZED_AUTOS = YES_AGGRESSIVE;
				GCC_WARN_UNUSED_FUNCTION = YES;
				GCC_WARN_UNUSED_VARIABLE = YES;
				IPHONEOS_DEPLOYMENT_TARGET = 15.5;
				MTL_ENABLE_DEBUG_INFO = INCLUDE_SOURCE;
				MTL_FAST_MATH = YES;
				ONLY_ACTIVE_ARCH = YES;
				SDKROOT = iphoneos;
				SWIFT_ACTIVE_COMPILATION_CONDITIONS = DEBUG;
				SWIFT_OPTIMIZATION_LEVEL = "-Onone";
			};
			name = Debug;
		};
		9AA1230A28E86E9200252763 /* Release */ = {
			isa = XCBuildConfiguration;
			buildSettings = {
				ALWAYS_SEARCH_USER_PATHS = NO;
				CLANG_ANALYZER_NONNULL = YES;
				CLANG_ANALYZER_NUMBER_OBJECT_CONVERSION = YES_AGGRESSIVE;
				CLANG_CXX_LANGUAGE_STANDARD = "gnu++17";
				CLANG_ENABLE_MODULES = YES;
				CLANG_ENABLE_OBJC_ARC = YES;
				CLANG_ENABLE_OBJC_WEAK = YES;
				CLANG_WARN_BLOCK_CAPTURE_AUTORELEASING = YES;
				CLANG_WARN_BOOL_CONVERSION = YES;
				CLANG_WARN_COMMA = YES;
				CLANG_WARN_CONSTANT_CONVERSION = YES;
				CLANG_WARN_DEPRECATED_OBJC_IMPLEMENTATIONS = YES;
				CLANG_WARN_DIRECT_OBJC_ISA_USAGE = YES_ERROR;
				CLANG_WARN_DOCUMENTATION_COMMENTS = YES;
				CLANG_WARN_EMPTY_BODY = YES;
				CLANG_WARN_ENUM_CONVERSION = YES;
				CLANG_WARN_INFINITE_RECURSION = YES;
				CLANG_WARN_INT_CONVERSION = YES;
				CLANG_WARN_NON_LITERAL_NULL_CONVERSION = YES;
				CLANG_WARN_OBJC_IMPLICIT_RETAIN_SELF = YES;
				CLANG_WARN_OBJC_LITERAL_CONVERSION = YES;
				CLANG_WARN_OBJC_ROOT_CLASS = YES_ERROR;
				CLANG_WARN_QUOTED_INCLUDE_IN_FRAMEWORK_HEADER = YES;
				CLANG_WARN_RANGE_LOOP_ANALYSIS = YES;
				CLANG_WARN_STRICT_PROTOTYPES = YES;
				CLANG_WARN_SUSPICIOUS_MOVE = YES;
				CLANG_WARN_UNGUARDED_AVAILABILITY = YES_AGGRESSIVE;
				CLANG_WARN_UNREACHABLE_CODE = YES;
				CLANG_WARN__DUPLICATE_METHOD_MATCH = YES;
				COPY_PHASE_STRIP = NO;
				DEBUG_INFORMATION_FORMAT = "dwarf-with-dsym";
				ENABLE_NS_ASSERTIONS = NO;
				ENABLE_STRICT_OBJC_MSGSEND = YES;
				GCC_C_LANGUAGE_STANDARD = gnu11;
				GCC_NO_COMMON_BLOCKS = YES;
				GCC_WARN_64_TO_32_BIT_CONVERSION = YES;
				GCC_WARN_ABOUT_RETURN_TYPE = YES_ERROR;
				GCC_WARN_UNDECLARED_SELECTOR = YES;
				GCC_WARN_UNINITIALIZED_AUTOS = YES_AGGRESSIVE;
				GCC_WARN_UNUSED_FUNCTION = YES;
				GCC_WARN_UNUSED_VARIABLE = YES;
				IPHONEOS_DEPLOYMENT_TARGET = 15.5;
				MTL_ENABLE_DEBUG_INFO = NO;
				MTL_FAST_MATH = YES;
				SDKROOT = iphoneos;
				SWIFT_COMPILATION_MODE = wholemodule;
				SWIFT_OPTIMIZATION_LEVEL = "-O";
				VALIDATE_PRODUCT = YES;
			};
			name = Release;
		};
		9AA1230C28E86E9200252763 /* Debug */ = {
			isa = XCBuildConfiguration;
			buildSettings = {
				ASSETCATALOG_COMPILER_APPICON_NAME = AppIcon;
				ASSETCATALOG_COMPILER_GLOBAL_ACCENT_COLOR_NAME = AccentColor;
				CODE_SIGN_STYLE = Manual;
				CURRENT_PROJECT_VERSION = 1;
				DEVELOPMENT_TEAM = "";
				GENERATE_INFOPLIST_FILE = YES;
				INFOPLIST_FILE = 104HW/Info.plist;
				INFOPLIST_KEY_UIApplicationSupportsIndirectInputEvents = YES;
				INFOPLIST_KEY_UILaunchStoryboardName = LaunchScreen;
				INFOPLIST_KEY_UIMainStoryboardFile = Main;
				INFOPLIST_KEY_UISupportedInterfaceOrientations_iPad = "UIInterfaceOrientationPortrait UIInterfaceOrientationPortraitUpsideDown UIInterfaceOrientationLandscapeLeft UIInterfaceOrientationLandscapeRight";
				INFOPLIST_KEY_UISupportedInterfaceOrientations_iPhone = "UIInterfaceOrientationPortrait UIInterfaceOrientationLandscapeLeft UIInterfaceOrientationLandscapeRight";
				LD_RUNPATH_SEARCH_PATHS = (
					"$(inherited)",
					"@executable_path/Frameworks",
				);
				MARKETING_VERSION = 1.0;
				PRODUCT_BUNDLE_IDENTIFIER = "com.itis.-04HW";
				PRODUCT_NAME = "$(TARGET_NAME)";
				PROVISIONING_PROFILE_SPECIFIER = "";
				SWIFT_EMIT_LOC_STRINGS = YES;
				SWIFT_VERSION = 5.0;
				TARGETED_DEVICE_FAMILY = "1,2";
			};
			name = Debug;
		};
		9AA1230D28E86E9200252763 /* Release */ = {
			isa = XCBuildConfiguration;
			buildSettings = {
				ASSETCATALOG_COMPILER_APPICON_NAME = AppIcon;
				ASSETCATALOG_COMPILER_GLOBAL_ACCENT_COLOR_NAME = AccentColor;
				CODE_SIGN_STYLE = Manual;
				CURRENT_PROJECT_VERSION = 1;
				DEVELOPMENT_TEAM = "";
				GENERATE_INFOPLIST_FILE = YES;
				INFOPLIST_FILE = 104HW/Info.plist;
				INFOPLIST_KEY_UIApplicationSupportsIndirectInputEvents = YES;
				INFOPLIST_KEY_UILaunchStoryboardName = LaunchScreen;
				INFOPLIST_KEY_UIMainStoryboardFile = Main;
				INFOPLIST_KEY_UISupportedInterfaceOrientations_iPad = "UIInterfaceOrientationPortrait UIInterfaceOrientationPortraitUpsideDown UIInterfaceOrientationLandscapeLeft UIInterfaceOrientationLandscapeRight";
				INFOPLIST_KEY_UISupportedInterfaceOrientations_iPhone = "UIInterfaceOrientationPortrait UIInterfaceOrientationLandscapeLeft UIInterfaceOrientationLandscapeRight";
				LD_RUNPATH_SEARCH_PATHS = (
					"$(inherited)",
					"@executable_path/Frameworks",
				);
				MARKETING_VERSION = 1.0;
				PRODUCT_BUNDLE_IDENTIFIER = "com.itis.-04HW";
				PRODUCT_NAME = "$(TARGET_NAME)";
				PROVISIONING_PROFILE_SPECIFIER = "";
				SWIFT_EMIT_LOC_STRINGS = YES;
				SWIFT_VERSION = 5.0;
				TARGETED_DEVICE_FAMILY = "1,2";
			};
			name = Release;
		};
/* End XCBuildConfiguration section */

/* Begin XCConfigurationList section */
		9AA122F228E86E9200252763 /* Build configuration list for PBXProject "104HW" */ = {
			isa = XCConfigurationList;
			buildConfigurations = (
				9AA1230928E86E9200252763 /* Debug */,
				9AA1230A28E86E9200252763 /* Release */,
			);
			defaultConfigurationIsVisible = 0;
			defaultConfigurationName = Release;
		};
		9AA1230B28E86E9200252763 /* Build configuration list for PBXNativeTarget "104HW" */ = {
			isa = XCConfigurationList;
			buildConfigurations = (
				9AA1230C28E86E9200252763 /* Debug */,
				9AA1230D28E86E9200252763 /* Release */,
			);
			defaultConfigurationIsVisible = 0;
			defaultConfigurationName = Release;
		};
/* End XCConfigurationList section */
	};
	rootObject = 9AA122EF28E86E9200252763 /* Project object */;
}
