// !$*UTF8*$!
{
	archiveVersion = 1;
	classes = {
	};
	objectVersion = 56;
	objects = {

/* Begin PBXBuildFile section */
		7E69779728EF7EB70078846C /* ViewController.swift in Sources */ = {isa = PBXBuildFile; fileRef = 7E69779628EF7EB70078846C /* ViewController.swift */; };
		7E82A63D28EF5B0C00C42504 /* AppDelegate.swift in Sources */ = {isa = PBXBuildFile; fileRef = 7E82A63C28EF5B0C00C42504 /* AppDelegate.swift */; };
		7E82A63F28EF5B0C00C42504 /* SceneDelegate.swift in Sources */ = {isa = PBXBuildFile; fileRef = 7E82A63E28EF5B0C00C42504 /* SceneDelegate.swift */; };
		7E82A64428EF5B0C00C42504 /* Main.storyboard in Resources */ = {isa = PBXBuildFile; fileRef = 7E82A64228EF5B0C00C42504 /* Main.storyboard */; };
		7E82A64628EF5B0D00C42504 /* Assets.xcassets in Resources */ = {isa = PBXBuildFile; fileRef = 7E82A64528EF5B0D00C42504 /* Assets.xcassets */; };
		7E82A64928EF5B0D00C42504 /* LaunchScreen.storyboard in Resources */ = {isa = PBXBuildFile; fileRef = 7E82A64728EF5B0D00C42504 /* LaunchScreen.storyboard */; };
		7EB7532728EF931700234FC6 /* ImgViewController.swift in Sources */ = {isa = PBXBuildFile; fileRef = 7EB7532628EF931700234FC6 /* ImgViewController.swift */; };
		7EB7532928EF93B800234FC6 /* ExitViewController.swift in Sources */ = {isa = PBXBuildFile; fileRef = 7EB7532828EF93B800234FC6 /* ExitViewController.swift */; };
		7EB7532B28EF954100234FC6 /* HomeViewController.swift in Sources */ = {isa = PBXBuildFile; fileRef = 7EB7532A28EF954100234FC6 /* HomeViewController.swift */; };
		7EB7532F28EF96A300234FC6 /* InfoViewController.swift in Sources */ = {isa = PBXBuildFile; fileRef = 7EB7532E28EF96A300234FC6 /* InfoViewController.swift */; };
/* End PBXBuildFile section */

/* Begin PBXFileReference section */
		7E69779628EF7EB70078846C /* ViewController.swift */ = {isa = PBXFileReference; lastKnownFileType = sourcecode.swift; path = ViewController.swift; sourceTree = "<group>"; };
		7E82A63928EF5B0C00C42504 /* Hw.app */ = {isa = PBXFileReference; explicitFileType = wrapper.application; includeInIndex = 0; path = Hw.app; sourceTree = BUILT_PRODUCTS_DIR; };
		7E82A63C28EF5B0C00C42504 /* AppDelegate.swift */ = {isa = PBXFileReference; lastKnownFileType = sourcecode.swift; path = AppDelegate.swift; sourceTree = "<group>"; };
		7E82A63E28EF5B0C00C42504 /* SceneDelegate.swift */ = {isa = PBXFileReference; lastKnownFileType = sourcecode.swift; path = SceneDelegate.swift; sourceTree = "<group>"; };
		7E82A64328EF5B0C00C42504 /* Base */ = {isa = PBXFileReference; lastKnownFileType = file.storyboard; name = Base; path = Base.lproj/Main.storyboard; sourceTree = "<group>"; };
		7E82A64528EF5B0D00C42504 /* Assets.xcassets */ = {isa = PBXFileReference; lastKnownFileType = folder.assetcatalog; path = Assets.xcassets; sourceTree = "<group>"; };
		7E82A64828EF5B0D00C42504 /* Base */ = {isa = PBXFileReference; lastKnownFileType = file.storyboard; name = Base; path = Base.lproj/LaunchScreen.storyboard; sourceTree = "<group>"; };
		7E82A64A28EF5B0D00C42504 /* Info.plist */ = {isa = PBXFileReference; lastKnownFileType = text.plist.xml; path = Info.plist; sourceTree = "<group>"; };
		7EB7532628EF931700234FC6 /* ImgViewController.swift */ = {isa = PBXFileReference; lastKnownFileType = sourcecode.swift; path = ImgViewController.swift; sourceTree = "<group>"; };
		7EB7532828EF93B800234FC6 /* ExitViewController.swift */ = {isa = PBXFileReference; lastKnownFileType = sourcecode.swift; path = ExitViewController.swift; sourceTree = "<group>"; };
		7EB7532A28EF954100234FC6 /* HomeViewController.swift */ = {isa = PBXFileReference; lastKnownFileType = sourcecode.swift; path = HomeViewController.swift; sourceTree = "<group>"; };
		7EB7532E28EF96A300234FC6 /* InfoViewController.swift */ = {isa = PBXFileReference; lastKnownFileType = sourcecode.swift; path = InfoViewController.swift; sourceTree = "<group>"; };
/* End PBXFileReference section */

/* Begin PBXFrameworksBuildPhase section */
		7E82A63628EF5B0C00C42504 /* Frameworks */ = {
			isa = PBXFrameworksBuildPhase;
			buildActionMask = 2147483647;
			files = (
			);
			runOnlyForDeploymentPostprocessing = 0;
		};
/* End PBXFrameworksBuildPhase section */

/* Begin PBXGroup section */
		7E82A63028EF5B0C00C42504 = {
			isa = PBXGroup;
			children = (
				7E82A63B28EF5B0C00C42504 /* Hw */,
				7E82A63A28EF5B0C00C42504 /* Products */,
			);
			sourceTree = "<group>";
		};
		7E82A63A28EF5B0C00C42504 /* Products */ = {
			isa = PBXGroup;
			children = (
				7E82A63928EF5B0C00C42504 /* Hw.app */,
			);
			name = Products;
			sourceTree = "<group>";
		};
		7E82A63B28EF5B0C00C42504 /* Hw */ = {
			isa = PBXGroup;
			children = (
				7E82A63C28EF5B0C00C42504 /* AppDelegate.swift */,
				7E82A63E28EF5B0C00C42504 /* SceneDelegate.swift */,
				7E69779628EF7EB70078846C /* ViewController.swift */,
				7EB7532628EF931700234FC6 /* ImgViewController.swift */,
				7EB7532828EF93B800234FC6 /* ExitViewController.swift */,
				7EB7532A28EF954100234FC6 /* HomeViewController.swift */,
				7EB7532E28EF96A300234FC6 /* InfoViewController.swift */,
				7E82A64228EF5B0C00C42504 /* Main.storyboard */,
				7E82A64528EF5B0D00C42504 /* Assets.xcassets */,
				7E82A64728EF5B0D00C42504 /* LaunchScreen.storyboard */,
				7E82A64A28EF5B0D00C42504 /* Info.plist */,
			);
			path = Hw;
			sourceTree = "<group>";
		};
/* End PBXGroup section */

/* Begin PBXNativeTarget section */
		7E82A63828EF5B0C00C42504 /* Hw */ = {
			isa = PBXNativeTarget;
			buildConfigurationList = 7E82A64D28EF5B0D00C42504 /* Build configuration list for PBXNativeTarget "Hw" */;
			buildPhases = (
				7E82A63528EF5B0C00C42504 /* Sources */,
				7E82A63628EF5B0C00C42504 /* Frameworks */,
				7E82A63728EF5B0C00C42504 /* Resources */,
			);
			buildRules = (
			);
			dependencies = (
			);
			name = Hw;
			productName = Hw;
			productReference = 7E82A63928EF5B0C00C42504 /* Hw.app */;
			productType = "com.apple.product-type.application";
		};
/* End PBXNativeTarget section */

/* Begin PBXProject section */
		7E82A63128EF5B0C00C42504 /* Project object */ = {
			isa = PBXProject;
			attributes = {
				BuildIndependentTargetsInParallel = 1;
				LastSwiftUpdateCheck = 1400;
				LastUpgradeCheck = 1400;
				TargetAttributes = {
					7E82A63828EF5B0C00C42504 = {
						CreatedOnToolsVersion = 14.0.1;
					};
				};
			};
			buildConfigurationList = 7E82A63428EF5B0C00C42504 /* Build configuration list for PBXProject "Hw" */;
			compatibilityVersion = "Xcode 14.0";
			developmentRegion = en;
			hasScannedForEncodings = 0;
			knownRegions = (
				en,
				Base,
			);
			mainGroup = 7E82A63028EF5B0C00C42504;
			productRefGroup = 7E82A63A28EF5B0C00C42504 /* Products */;
			projectDirPath = "";
			projectRoot = "";
			targets = (
				7E82A63828EF5B0C00C42504 /* Hw */,
			);
		};
/* End PBXProject section */

/* Begin PBXResourcesBuildPhase section */
		7E82A63728EF5B0C00C42504 /* Resources */ = {
			isa = PBXResourcesBuildPhase;
			buildActionMask = 2147483647;
			files = (
				7E82A64928EF5B0D00C42504 /* LaunchScreen.storyboard in Resources */,
				7E82A64628EF5B0D00C42504 /* Assets.xcassets in Resources */,
				7E82A64428EF5B0C00C42504 /* Main.storyboard in Resources */,
			);
			runOnlyForDeploymentPostprocessing = 0;
		};
/* End PBXResourcesBuildPhase section */

/* Begin PBXSourcesBuildPhase section */
		7E82A63528EF5B0C00C42504 /* Sources */ = {
			isa = PBXSourcesBuildPhase;
			buildActionMask = 2147483647;
			files = (
				7E82A63D28EF5B0C00C42504 /* AppDelegate.swift in Sources */,
				7EB7532928EF93B800234FC6 /* ExitViewController.swift in Sources */,
				7E69779728EF7EB70078846C /* ViewController.swift in Sources */,
				7EB7532F28EF96A300234FC6 /* InfoViewController.swift in Sources */,
				7EB7532728EF931700234FC6 /* ImgViewController.swift in Sources */,
				7E82A63F28EF5B0C00C42504 /* SceneDelegate.swift in Sources */,
				7EB7532B28EF954100234FC6 /* HomeViewController.swift in Sources */,
			);
			runOnlyForDeploymentPostprocessing = 0;
		};
/* End PBXSourcesBuildPhase section */

/* Begin PBXVariantGroup section */
		7E82A64228EF5B0C00C42504 /* Main.storyboard */ = {
			isa = PBXVariantGroup;
			children = (
				7E82A64328EF5B0C00C42504 /* Base */,
			);
			name = Main.storyboard;
			sourceTree = "<group>";
		};
		7E82A64728EF5B0D00C42504 /* LaunchScreen.storyboard */ = {
			isa = PBXVariantGroup;
			children = (
				7E82A64828EF5B0D00C42504 /* Base */,
			);
			name = LaunchScreen.storyboard;
			sourceTree = "<group>";
		};
/* End PBXVariantGroup section */

/* Begin XCBuildConfiguration section */
		7E82A64B28EF5B0D00C42504 /* Debug */ = {
			isa = XCBuildConfiguration;
			buildSettings = {
				ALWAYS_SEARCH_USER_PATHS = NO;
				CLANG_ANALYZER_NONNULL = YES;
				CLANG_ANALYZER_NUMBER_OBJECT_CONVERSION = YES_AGGRESSIVE;
				CLANG_CXX_LANGUAGE_STANDARD = "gnu++20";
				CLANG_ENABLE_MODULES = YES;
				CLANG_ENABLE_OBJC_ARC = YES;
				CLANG_ENABLE_OBJC_WEAK = YES;
				CLANG_WARN_BLOCK_CAPTURE_AUTORELEASING = YES;
				CLANG_WARN_BOOL_CONVERSION = YES;
				CLANG_WARN_COMMA = YES;
				CLANG_WARN_CONSTANT_CONVERSION = YES;
				CLANG_WARN_DEPRECATED_OBJC_IMPLEMENTATIONS = YES;
				CLANG_WARN_DIRECT_OBJC_ISA_USAGE = YES_ERROR;
				CLANG_WARN_DOCUMENTATION_COMMENTS = YES;
				CLANG_WARN_EMPTY_BODY = YES;
				CLANG_WARN_ENUM_CONVERSION = YES;
				CLANG_WARN_INFINITE_RECURSION = YES;
				CLANG_WARN_INT_CONVERSION = YES;
				CLANG_WARN_NON_LITERAL_NULL_CONVERSION = YES;
				CLANG_WARN_OBJC_IMPLICIT_RETAIN_SELF = YES;
				CLANG_WARN_OBJC_LITERAL_CONVERSION = YES;
				CLANG_WARN_OBJC_ROOT_CLASS = YES_ERROR;
				CLANG_WARN_QUOTED_INCLUDE_IN_FRAMEWORK_HEADER = YES;
				CLANG_WARN_RANGE_LOOP_ANALYSIS = YES;
				CLANG_WARN_STRICT_PROTOTYPES = YES;
				CLANG_WARN_SUSPICIOUS_MOVE = YES;
				CLANG_WARN_UNGUARDED_AVAILABILITY = YES_AGGRESSIVE;
				CLANG_WARN_UNREACHABLE_CODE = YES;
				CLANG_WARN__DUPLICATE_METHOD_MATCH = YES;
				COPY_PHASE_STRIP = NO;
				DEBUG_INFORMATION_FORMAT = dwarf;
				ENABLE_STRICT_OBJC_MSGSEND = YES;
				ENABLE_TESTABILITY = YES;
				GCC_C_LANGUAGE_STANDARD = gnu11;
				GCC_DYNAMIC_NO_PIC = NO;
				GCC_NO_COMMON_BLOCKS = YES;
				GCC_OPTIMIZATION_LEVEL = 0;
				GCC_PREPROCESSOR_DEFINITIONS = (
					"DEBUG=1",
					"$(inherited)",
				);
				GCC_WARN_64_TO_32_BIT_CONVERSION = YES;
				GCC_WARN_ABOUT_RETURN_TYPE = YES_ERROR;
				GCC_WARN_UNDECLARED_SELECTOR = YES;
				GCC_WARN_UNINITIALIZED_AUTOS = YES_AGGRESSIVE;
				GCC_WARN_UNUSED_FUNCTION = YES;
				GCC_WARN_UNUSED_VARIABLE = YES;
				IPHONEOS_DEPLOYMENT_TARGET = 16.0;
				MTL_ENABLE_DEBUG_INFO = INCLUDE_SOURCE;
				MTL_FAST_MATH = YES;
				ONLY_ACTIVE_ARCH = YES;
				SDKROOT = iphoneos;
				SWIFT_ACTIVE_COMPILATION_CONDITIONS = DEBUG;
				SWIFT_OPTIMIZATION_LEVEL = "-Onone";
			};
			name = Debug;
		};
		7E82A64C28EF5B0D00C42504 /* Release */ = {
			isa = XCBuildConfiguration;
			buildSettings = {
				ALWAYS_SEARCH_USER_PATHS = NO;
				CLANG_ANALYZER_NONNULL = YES;
				CLANG_ANALYZER_NUMBER_OBJECT_CONVERSION = YES_AGGRESSIVE;
				CLANG_CXX_LANGUAGE_STANDARD = "gnu++20";
				CLANG_ENABLE_MODULES = YES;
				CLANG_ENABLE_OBJC_ARC = YES;
				CLANG_ENABLE_OBJC_WEAK = YES;
				CLANG_WARN_BLOCK_CAPTURE_AUTORELEASING = YES;
				CLANG_WARN_BOOL_CONVERSION = YES;
				CLANG_WARN_COMMA = YES;
				CLANG_WARN_CONSTANT_CONVERSION = YES;
				CLANG_WARN_DEPRECATED_OBJC_IMPLEMENTATIONS = YES;
				CLANG_WARN_DIRECT_OBJC_ISA_USAGE = YES_ERROR;
				CLANG_WARN_DOCUMENTATION_COMMENTS = YES;
				CLANG_WARN_EMPTY_BODY = YES;
				CLANG_WARN_ENUM_CONVERSION = YES;
				CLANG_WARN_INFINITE_RECURSION = YES;
				CLANG_WARN_INT_CONVERSION = YES;
				CLANG_WARN_NON_LITERAL_NULL_CONVERSION = YES;
				CLANG_WARN_OBJC_IMPLICIT_RETAIN_SELF = YES;
				CLANG_WARN_OBJC_LITERAL_CONVERSION = YES;
				CLANG_WARN_OBJC_ROOT_CLASS = YES_ERROR;
				CLANG_WARN_QUOTED_INCLUDE_IN_FRAMEWORK_HEADER = YES;
				CLANG_WARN_RANGE_LOOP_ANALYSIS = YES;
				CLANG_WARN_STRICT_PROTOTYPES = YES;
				CLANG_WARN_SUSPICIOUS_MOVE = YES;
				CLANG_WARN_UNGUARDED_AVAILABILITY = YES_AGGRESSIVE;
				CLANG_WARN_UNREACHABLE_CODE = YES;
				CLANG_WARN__DUPLICATE_METHOD_MATCH = YES;
				COPY_PHASE_STRIP = NO;
				DEBUG_INFORMATION_FORMAT = "dwarf-with-dsym";
				ENABLE_NS_ASSERTIONS = NO;
				ENABLE_STRICT_OBJC_MSGSEND = YES;
				GCC_C_LANGUAGE_STANDARD = gnu11;
				GCC_NO_COMMON_BLOCKS = YES;
				GCC_WARN_64_TO_32_BIT_CONVERSION = YES;
				GCC_WARN_ABOUT_RETURN_TYPE = YES_ERROR;
				GCC_WARN_UNDECLARED_SELECTOR = YES;
				GCC_WARN_UNINITIALIZED_AUTOS = YES_AGGRESSIVE;
				GCC_WARN_UNUSED_FUNCTION = YES;
				GCC_WARN_UNUSED_VARIABLE = YES;
				IPHONEOS_DEPLOYMENT_TARGET = 16.0;
				MTL_ENABLE_DEBUG_INFO = NO;
				MTL_FAST_MATH = YES;
				SDKROOT = iphoneos;
				SWIFT_COMPILATION_MODE = wholemodule;
				SWIFT_OPTIMIZATION_LEVEL = "-O";
				VALIDATE_PRODUCT = YES;
			};
			name = Release;
		};
		7E82A64E28EF5B0D00C42504 /* Debug */ = {
			isa = XCBuildConfiguration;
			buildSettings = {
				ASSETCATALOG_COMPILER_APPICON_NAME = AppIcon;
				ASSETCATALOG_COMPILER_GLOBAL_ACCENT_COLOR_NAME = AccentColor;
				CODE_SIGN_STYLE = Automatic;
				CURRENT_PROJECT_VERSION = 1;
				GENERATE_INFOPLIST_FILE = YES;
				INFOPLIST_FILE = Hw/Info.plist;
				INFOPLIST_KEY_UIApplicationSupportsIndirectInputEvents = YES;
				INFOPLIST_KEY_UILaunchStoryboardName = LaunchScreen;
				INFOPLIST_KEY_UIMainStoryboardFile = Main;
				INFOPLIST_KEY_UISupportedInterfaceOrientations_iPad = "UIInterfaceOrientationPortrait UIInterfaceOrientationPortraitUpsideDown UIInterfaceOrientationLandscapeLeft UIInterfaceOrientationLandscapeRight";
				INFOPLIST_KEY_UISupportedInterfaceOrientations_iPhone = "UIInterfaceOrientationPortrait UIInterfaceOrientationLandscapeLeft UIInterfaceOrientationLandscapeRight";
				LD_RUNPATH_SEARCH_PATHS = (
					"$(inherited)",
					"@executable_path/Frameworks",
				);
				MARKETING_VERSION = 1.0;
				PRODUCT_BUNDLE_IDENTIFIER = com.itis.maksyak.Hw;
				PRODUCT_NAME = "$(TARGET_NAME)";
				SWIFT_EMIT_LOC_STRINGS = YES;
				SWIFT_VERSION = 5.0;
				TARGETED_DEVICE_FAMILY = "1,2";
			};
			name = Debug;
		};
		7E82A64F28EF5B0D00C42504 /* Release */ = {
			isa = XCBuildConfiguration;
			buildSettings = {
				ASSETCATALOG_COMPILER_APPICON_NAME = AppIcon;
				ASSETCATALOG_COMPILER_GLOBAL_ACCENT_COLOR_NAME = AccentColor;
				CODE_SIGN_STYLE = Automatic;
				CURRENT_PROJECT_VERSION = 1;
				GENERATE_INFOPLIST_FILE = YES;
				INFOPLIST_FILE = Hw/Info.plist;
				INFOPLIST_KEY_UIApplicationSupportsIndirectInputEvents = YES;
				INFOPLIST_KEY_UILaunchStoryboardName = LaunchScreen;
				INFOPLIST_KEY_UIMainStoryboardFile = Main;
				INFOPLIST_KEY_UISupportedInterfaceOrientations_iPad = "UIInterfaceOrientationPortrait UIInterfaceOrientationPortraitUpsideDown UIInterfaceOrientationLandscapeLeft UIInterfaceOrientationLandscapeRight";
				INFOPLIST_KEY_UISupportedInterfaceOrientations_iPhone = "UIInterfaceOrientationPortrait UIInterfaceOrientationLandscapeLeft UIInterfaceOrientationLandscapeRight";
				LD_RUNPATH_SEARCH_PATHS = (
					"$(inherited)",
					"@executable_path/Frameworks",
				);
				MARKETING_VERSION = 1.0;
				PRODUCT_BUNDLE_IDENTIFIER = com.itis.maksyak.Hw;
				PRODUCT_NAME = "$(TARGET_NAME)";
				SWIFT_EMIT_LOC_STRINGS = YES;
				SWIFT_VERSION = 5.0;
				TARGETED_DEVICE_FAMILY = "1,2";
			};
			name = Release;
		};
/* End XCBuildConfiguration section */

/* Begin XCConfigurationList section */
		7E82A63428EF5B0C00C42504 /* Build configuration list for PBXProject "Hw" */ = {
			isa = XCConfigurationList;
			buildConfigurations = (
				7E82A64B28EF5B0D00C42504 /* Debug */,
				7E82A64C28EF5B0D00C42504 /* Release */,
			);
			defaultConfigurationIsVisible = 0;
			defaultConfigurationName = Release;
		};
		7E82A64D28EF5B0D00C42504 /* Build configuration list for PBXNativeTarget "Hw" */ = {
			isa = XCConfigurationList;
			buildConfigurations = (
				7E82A64E28EF5B0D00C42504 /* Debug */,
				7E82A64F28EF5B0D00C42504 /* Release */,
			);
			defaultConfigurationIsVisible = 0;
			defaultConfigurationName = Release;
		};
/* End XCConfigurationList section */
	};
	rootObject = 7E82A63128EF5B0C00C42504 /* Project object */;
}
