// !$*UTF8*$!
{
	archiveVersion = 1;
	classes = {
	};
	objectVersion = 56;
	objects = {

/* Begin PBXBuildFile section */
		63306EE329DEBF56007BF4D1 /* hw_8App.swift in Sources */ = {isa = PBXBuildFile; fileRef = 63306EE229DEBF56007BF4D1 /* hw_8App.swift */; };
		63306EE529DEBF56007BF4D1 /* ContentView.swift in Sources */ = {isa = PBXBuildFile; fileRef = 63306EE429DEBF56007BF4D1 /* ContentView.swift */; };
		63306EE729DEBF57007BF4D1 /* Assets.xcassets in Resources */ = {isa = PBXBuildFile; fileRef = 63306EE629DEBF57007BF4D1 /* Assets.xcassets */; };
		63306EEA29DEBF57007BF4D1 /* Preview Assets.xcassets in Resources */ = {isa = PBXBuildFile; fileRef = 63306EE929DEBF57007BF4D1 /* Preview Assets.xcassets */; };
		633AC54C29E076C300A999D6 /* ButtonPressActions.swift in Sources */ = {isa = PBXBuildFile; fileRef = 633AC54B29E076C300A999D6 /* ButtonPressActions.swift */; };
		7C4EF69F29F31C0B00DD8A46 /* AnimalImageView.swift in Sources */ = {isa = PBXBuildFile; fileRef = 7C4EF69E29F31C0B00DD8A46 /* AnimalImageView.swift */; };
		7C7309C529F2A8EA00AF0859 /* ExitTabView.swift in Sources */ = {isa = PBXBuildFile; fileRef = 7C7309C429F2A8EA00AF0859 /* ExitTabView.swift */; };
		7C7309C729F2F37F00AF0859 /* Modifiers.swift in Sources */ = {isa = PBXBuildFile; fileRef = 7C7309C629F2F37F00AF0859 /* Modifiers.swift */; };
		7CC3B98529F2F991007D7A83 /* HomeTabView.swift in Sources */ = {isa = PBXBuildFile; fileRef = 7CC3B98429F2F991007D7A83 /* HomeTabView.swift */; };
		7CC3B98729F316FD007D7A83 /* NavigationObject.swift in Sources */ = {isa = PBXBuildFile; fileRef = 7CC3B98629F316FD007D7A83 /* NavigationObject.swift */; };
		7CE7669329F3A0F400E271DB /* BrowseCatalogView.swift in Sources */ = {isa = PBXBuildFile; fileRef = 7CE7669229F3A0F400E271DB /* BrowseCatalogView.swift */; };
		7CE7669529F3E4D300E271DB /* CatalogPage.swift in Sources */ = {isa = PBXBuildFile; fileRef = 7CE7669429F3E4D300E271DB /* CatalogPage.swift */; };
/* End PBXBuildFile section */

/* Begin PBXFileReference section */
		63306EDF29DEBF56007BF4D1 /* hw-8.app */ = {isa = PBXFileReference; explicitFileType = wrapper.application; includeInIndex = 0; path = "hw-8.app"; sourceTree = BUILT_PRODUCTS_DIR; };
		63306EE229DEBF56007BF4D1 /* hw_8App.swift */ = {isa = PBXFileReference; lastKnownFileType = sourcecode.swift; path = hw_8App.swift; sourceTree = "<group>"; };
		63306EE429DEBF56007BF4D1 /* ContentView.swift */ = {isa = PBXFileReference; lastKnownFileType = sourcecode.swift; path = ContentView.swift; sourceTree = "<group>"; };
		63306EE629DEBF57007BF4D1 /* Assets.xcassets */ = {isa = PBXFileReference; lastKnownFileType = folder.assetcatalog; path = Assets.xcassets; sourceTree = "<group>"; };
		63306EE929DEBF57007BF4D1 /* Preview Assets.xcassets */ = {isa = PBXFileReference; lastKnownFileType = folder.assetcatalog; path = "Preview Assets.xcassets"; sourceTree = "<group>"; };
		633AC54B29E076C300A999D6 /* ButtonPressActions.swift */ = {isa = PBXFileReference; lastKnownFileType = sourcecode.swift; path = ButtonPressActions.swift; sourceTree = "<group>"; };
		7C4EF69E29F31C0B00DD8A46 /* AnimalImageView.swift */ = {isa = PBXFileReference; lastKnownFileType = sourcecode.swift; path = AnimalImageView.swift; sourceTree = "<group>"; };
		7C7309C429F2A8EA00AF0859 /* ExitTabView.swift */ = {isa = PBXFileReference; lastKnownFileType = sourcecode.swift; path = ExitTabView.swift; sourceTree = "<group>"; };
		7C7309C629F2F37F00AF0859 /* Modifiers.swift */ = {isa = PBXFileReference; lastKnownFileType = sourcecode.swift; path = Modifiers.swift; sourceTree = "<group>"; };
		7CC3B98429F2F991007D7A83 /* HomeTabView.swift */ = {isa = PBXFileReference; lastKnownFileType = sourcecode.swift; path = HomeTabView.swift; sourceTree = "<group>"; };
		7CC3B98629F316FD007D7A83 /* NavigationObject.swift */ = {isa = PBXFileReference; lastKnownFileType = sourcecode.swift; path = NavigationObject.swift; sourceTree = "<group>"; };
		7CE7669229F3A0F400E271DB /* BrowseCatalogView.swift */ = {isa = PBXFileReference; lastKnownFileType = sourcecode.swift; path = BrowseCatalogView.swift; sourceTree = "<group>"; };
		7CE7669429F3E4D300E271DB /* CatalogPage.swift */ = {isa = PBXFileReference; lastKnownFileType = sourcecode.swift; path = CatalogPage.swift; sourceTree = "<group>"; };
/* End PBXFileReference section */

/* Begin PBXFrameworksBuildPhase section */
		63306EDC29DEBF56007BF4D1 /* Frameworks */ = {
			isa = PBXFrameworksBuildPhase;
			buildActionMask = 2147483647;
			files = (
			);
			runOnlyForDeploymentPostprocessing = 0;
		};
/* End PBXFrameworksBuildPhase section */

/* Begin PBXGroup section */
		63306ED629DEBF56007BF4D1 = {
			isa = PBXGroup;
			children = (
				63306EE129DEBF56007BF4D1 /* hw-8 */,
				63306EE029DEBF56007BF4D1 /* Products */,
			);
			sourceTree = "<group>";
		};
		63306EE029DEBF56007BF4D1 /* Products */ = {
			isa = PBXGroup;
			children = (
				63306EDF29DEBF56007BF4D1 /* hw-8.app */,
			);
			name = Products;
			sourceTree = "<group>";
		};
		63306EE129DEBF56007BF4D1 /* hw-8 */ = {
			isa = PBXGroup;
			children = (
				63306EE229DEBF56007BF4D1 /* hw_8App.swift */,
				63306EE429DEBF56007BF4D1 /* ContentView.swift */,
				633AC54B29E076C300A999D6 /* ButtonPressActions.swift */,
				63306EE629DEBF57007BF4D1 /* Assets.xcassets */,
				63306EE829DEBF57007BF4D1 /* Preview Content */,
				7C7309C429F2A8EA00AF0859 /* ExitTabView.swift */,
				7C7309C629F2F37F00AF0859 /* Modifiers.swift */,
				7C4EF69E29F31C0B00DD8A46 /* AnimalImageView.swift */,
				7CC3B98429F2F991007D7A83 /* HomeTabView.swift */,
				7CC3B98629F316FD007D7A83 /* NavigationObject.swift */,
				7CE7669429F3E4D300E271DB /* CatalogPage.swift */,
				7CE7669229F3A0F400E271DB /* BrowseCatalogView.swift */,
			);
			path = "hw-8";
			sourceTree = "<group>";
		};
		63306EE829DEBF57007BF4D1 /* Preview Content */ = {
			isa = PBXGroup;
			children = (
				63306EE929DEBF57007BF4D1 /* Preview Assets.xcassets */,
			);
			path = "Preview Content";
			sourceTree = "<group>";
		};
/* End PBXGroup section */

/* Begin PBXNativeTarget section */
		63306EDE29DEBF56007BF4D1 /* hw-8 */ = {
			isa = PBXNativeTarget;
			buildConfigurationList = 63306EED29DEBF57007BF4D1 /* Build configuration list for PBXNativeTarget "hw-8" */;
			buildPhases = (
				63306EDB29DEBF56007BF4D1 /* Sources */,
				63306EDC29DEBF56007BF4D1 /* Frameworks */,
				63306EDD29DEBF56007BF4D1 /* Resources */,
			);
			buildRules = (
			);
			dependencies = (
			);
			name = "hw-8";
			productName = "hw-8";
			productReference = 63306EDF29DEBF56007BF4D1 /* hw-8.app */;
			productType = "com.apple.product-type.application";
		};
/* End PBXNativeTarget section */

/* Begin PBXProject section */
		63306ED729DEBF56007BF4D1 /* Project object */ = {
			isa = PBXProject;
			attributes = {
				BuildIndependentTargetsInParallel = 1;
				LastSwiftUpdateCheck = 1420;
				LastUpgradeCheck = 1420;
				TargetAttributes = {
					63306EDE29DEBF56007BF4D1 = {
						CreatedOnToolsVersion = 14.2;
					};
				};
			};
			buildConfigurationList = 63306EDA29DEBF56007BF4D1 /* Build configuration list for PBXProject "hw-8" */;
			compatibilityVersion = "Xcode 14.0";
			developmentRegion = en;
			hasScannedForEncodings = 0;
			knownRegions = (
				en,
				Base,
			);
			mainGroup = 63306ED629DEBF56007BF4D1;
			productRefGroup = 63306EE029DEBF56007BF4D1 /* Products */;
			projectDirPath = "";
			projectRoot = "";
			targets = (
				63306EDE29DEBF56007BF4D1 /* hw-8 */,
			);
		};
/* End PBXProject section */

/* Begin PBXResourcesBuildPhase section */
		63306EDD29DEBF56007BF4D1 /* Resources */ = {
			isa = PBXResourcesBuildPhase;
			buildActionMask = 2147483647;
			files = (
				63306EEA29DEBF57007BF4D1 /* Preview Assets.xcassets in Resources */,
				63306EE729DEBF57007BF4D1 /* Assets.xcassets in Resources */,
			);
			runOnlyForDeploymentPostprocessing = 0;
		};
/* End PBXResourcesBuildPhase section */

/* Begin PBXSourcesBuildPhase section */
		63306EDB29DEBF56007BF4D1 /* Sources */ = {
			isa = PBXSourcesBuildPhase;
			buildActionMask = 2147483647;
			files = (
				7C4EF69F29F31C0B00DD8A46 /* AnimalImageView.swift in Sources */,
				633AC54C29E076C300A999D6 /* ButtonPressActions.swift in Sources */,
				63306EE529DEBF56007BF4D1 /* ContentView.swift in Sources */,
				7CE7669329F3A0F400E271DB /* BrowseCatalogView.swift in Sources */,
				7CE7669529F3E4D300E271DB /* CatalogPage.swift in Sources */,
				63306EE329DEBF56007BF4D1 /* hw_8App.swift in Sources */,
				7CC3B98529F2F991007D7A83 /* HomeTabView.swift in Sources */,
				7C7309C729F2F37F00AF0859 /* Modifiers.swift in Sources */,
				7C7309C529F2A8EA00AF0859 /* ExitTabView.swift in Sources */,
				7CC3B98729F316FD007D7A83 /* NavigationObject.swift in Sources */,
			);
			runOnlyForDeploymentPostprocessing = 0;
		};
/* End PBXSourcesBuildPhase section */

/* Begin XCBuildConfiguration section */
		63306EEB29DEBF57007BF4D1 /* Debug */ = {
			isa = XCBuildConfiguration;
			buildSettings = {
				ALWAYS_SEARCH_USER_PATHS = NO;
				CLANG_ANALYZER_NONNULL = YES;
				CLANG_ANALYZER_NUMBER_OBJECT_CONVERSION = YES_AGGRESSIVE;
				CLANG_CXX_LANGUAGE_STANDARD = "gnu++20";
				CLANG_ENABLE_MODULES = YES;
				CLANG_ENABLE_OBJC_ARC = YES;
				CLANG_ENABLE_OBJC_WEAK = YES;
				CLANG_WARN_BLOCK_CAPTURE_AUTORELEASING = YES;
				CLANG_WARN_BOOL_CONVERSION = YES;
				CLANG_WARN_COMMA = YES;
				CLANG_WARN_CONSTANT_CONVERSION = YES;
				CLANG_WARN_DEPRECATED_OBJC_IMPLEMENTATIONS = YES;
				CLANG_WARN_DIRECT_OBJC_ISA_USAGE = YES_ERROR;
				CLANG_WARN_DOCUMENTATION_COMMENTS = YES;
				CLANG_WARN_EMPTY_BODY = YES;
				CLANG_WARN_ENUM_CONVERSION = YES;
				CLANG_WARN_INFINITE_RECURSION = YES;
				CLANG_WARN_INT_CONVERSION = YES;
				CLANG_WARN_NON_LITERAL_NULL_CONVERSION = YES;
				CLANG_WARN_OBJC_IMPLICIT_RETAIN_SELF = YES;
				CLANG_WARN_OBJC_LITERAL_CONVERSION = YES;
				CLANG_WARN_OBJC_ROOT_CLASS = YES_ERROR;
				CLANG_WARN_QUOTED_INCLUDE_IN_FRAMEWORK_HEADER = YES;
				CLANG_WARN_RANGE_LOOP_ANALYSIS = YES;
				CLANG_WARN_STRICT_PROTOTYPES = YES;
				CLANG_WARN_SUSPICIOUS_MOVE = YES;
				CLANG_WARN_UNGUARDED_AVAILABILITY = YES_AGGRESSIVE;
				CLANG_WARN_UNREACHABLE_CODE = YES;
				CLANG_WARN__DUPLICATE_METHOD_MATCH = YES;
				COPY_PHASE_STRIP = NO;
				DEBUG_INFORMATION_FORMAT = dwarf;
				ENABLE_STRICT_OBJC_MSGSEND = YES;
				ENABLE_TESTABILITY = YES;
				GCC_C_LANGUAGE_STANDARD = gnu11;
				GCC_DYNAMIC_NO_PIC = NO;
				GCC_NO_COMMON_BLOCKS = YES;
				GCC_OPTIMIZATION_LEVEL = 0;
				GCC_PREPROCESSOR_DEFINITIONS = (
					"DEBUG=1",
					"$(inherited)",
				);
				GCC_WARN_64_TO_32_BIT_CONVERSION = YES;
				GCC_WARN_ABOUT_RETURN_TYPE = YES_ERROR;
				GCC_WARN_UNDECLARED_SELECTOR = YES;
				GCC_WARN_UNINITIALIZED_AUTOS = YES_AGGRESSIVE;
				GCC_WARN_UNUSED_FUNCTION = YES;
				GCC_WARN_UNUSED_VARIABLE = YES;
				IPHONEOS_DEPLOYMENT_TARGET = 16.2;
				MTL_ENABLE_DEBUG_INFO = INCLUDE_SOURCE;
				MTL_FAST_MATH = YES;
				ONLY_ACTIVE_ARCH = YES;
				SDKROOT = iphoneos;
				SWIFT_ACTIVE_COMPILATION_CONDITIONS = DEBUG;
				SWIFT_OPTIMIZATION_LEVEL = "-Onone";
			};
			name = Debug;
		};
		63306EEC29DEBF57007BF4D1 /* Release */ = {
			isa = XCBuildConfiguration;
			buildSettings = {
				ALWAYS_SEARCH_USER_PATHS = NO;
				CLANG_ANALYZER_NONNULL = YES;
				CLANG_ANALYZER_NUMBER_OBJECT_CONVERSION = YES_AGGRESSIVE;
				CLANG_CXX_LANGUAGE_STANDARD = "gnu++20";
				CLANG_ENABLE_MODULES = YES;
				CLANG_ENABLE_OBJC_ARC = YES;
				CLANG_ENABLE_OBJC_WEAK = YES;
				CLANG_WARN_BLOCK_CAPTURE_AUTORELEASING = YES;
				CLANG_WARN_BOOL_CONVERSION = YES;
				CLANG_WARN_COMMA = YES;
				CLANG_WARN_CONSTANT_CONVERSION = YES;
				CLANG_WARN_DEPRECATED_OBJC_IMPLEMENTATIONS = YES;
				CLANG_WARN_DIRECT_OBJC_ISA_USAGE = YES_ERROR;
				CLANG_WARN_DOCUMENTATION_COMMENTS = YES;
				CLANG_WARN_EMPTY_BODY = YES;
				CLANG_WARN_ENUM_CONVERSION = YES;
				CLANG_WARN_INFINITE_RECURSION = YES;
				CLANG_WARN_INT_CONVERSION = YES;
				CLANG_WARN_NON_LITERAL_NULL_CONVERSION = YES;
				CLANG_WARN_OBJC_IMPLICIT_RETAIN_SELF = YES;
				CLANG_WARN_OBJC_LITERAL_CONVERSION = YES;
				CLANG_WARN_OBJC_ROOT_CLASS = YES_ERROR;
				CLANG_WARN_QUOTED_INCLUDE_IN_FRAMEWORK_HEADER = YES;
				CLANG_WARN_RANGE_LOOP_ANALYSIS = YES;
				CLANG_WARN_STRICT_PROTOTYPES = YES;
				CLANG_WARN_SUSPICIOUS_MOVE = YES;
				CLANG_WARN_UNGUARDED_AVAILABILITY = YES_AGGRESSIVE;
				CLANG_WARN_UNREACHABLE_CODE = YES;
				CLANG_WARN__DUPLICATE_METHOD_MATCH = YES;
				COPY_PHASE_STRIP = NO;
				DEBUG_INFORMATION_FORMAT = "dwarf-with-dsym";
				ENABLE_NS_ASSERTIONS = NO;
				ENABLE_STRICT_OBJC_MSGSEND = YES;
				GCC_C_LANGUAGE_STANDARD = gnu11;
				GCC_NO_COMMON_BLOCKS = YES;
				GCC_WARN_64_TO_32_BIT_CONVERSION = YES;
				GCC_WARN_ABOUT_RETURN_TYPE = YES_ERROR;
				GCC_WARN_UNDECLARED_SELECTOR = YES;
				GCC_WARN_UNINITIALIZED_AUTOS = YES_AGGRESSIVE;
				GCC_WARN_UNUSED_FUNCTION = YES;
				GCC_WARN_UNUSED_VARIABLE = YES;
				IPHONEOS_DEPLOYMENT_TARGET = 16.2;
				MTL_ENABLE_DEBUG_INFO = NO;
				MTL_FAST_MATH = YES;
				SDKROOT = iphoneos;
				SWIFT_COMPILATION_MODE = wholemodule;
				SWIFT_OPTIMIZATION_LEVEL = "-O";
				VALIDATE_PRODUCT = YES;
			};
			name = Release;
		};
		63306EEE29DEBF57007BF4D1 /* Debug */ = {
			isa = XCBuildConfiguration;
			buildSettings = {
				ASSETCATALOG_COMPILER_APPICON_NAME = AppIcon;
				ASSETCATALOG_COMPILER_GLOBAL_ACCENT_COLOR_NAME = AccentColor;
				CODE_SIGN_STYLE = Automatic;
				CURRENT_PROJECT_VERSION = 1;
				DEVELOPMENT_ASSET_PATHS = "\"hw-8/Preview Content\"";
				ENABLE_PREVIEWS = YES;
				GENERATE_INFOPLIST_FILE = YES;
				INFOPLIST_KEY_UIApplicationSceneManifest_Generation = YES;
				INFOPLIST_KEY_UIApplicationSupportsIndirectInputEvents = YES;
				INFOPLIST_KEY_UILaunchScreen_Generation = YES;
				INFOPLIST_KEY_UISupportedInterfaceOrientations_iPad = "UIInterfaceOrientationPortrait UIInterfaceOrientationPortraitUpsideDown UIInterfaceOrientationLandscapeLeft UIInterfaceOrientationLandscapeRight";
				INFOPLIST_KEY_UISupportedInterfaceOrientations_iPhone = "UIInterfaceOrientationPortrait UIInterfaceOrientationLandscapeLeft UIInterfaceOrientationLandscapeRight";
				LD_RUNPATH_SEARCH_PATHS = (
					"$(inherited)",
					"@executable_path/Frameworks",
				);
				MARKETING_VERSION = 1.0;
				PRODUCT_BUNDLE_IDENTIFIER = "com.github.tabachenko.hw-8";
				PRODUCT_NAME = "$(TARGET_NAME)";
				SWIFT_EMIT_LOC_STRINGS = YES;
				SWIFT_VERSION = 5.0;
				TARGETED_DEVICE_FAMILY = "1,2";
			};
			name = Debug;
		};
		63306EEF29DEBF57007BF4D1 /* Release */ = {
			isa = XCBuildConfiguration;
			buildSettings = {
				ASSETCATALOG_COMPILER_APPICON_NAME = AppIcon;
				ASSETCATALOG_COMPILER_GLOBAL_ACCENT_COLOR_NAME = AccentColor;
				CODE_SIGN_STYLE = Automatic;
				CURRENT_PROJECT_VERSION = 1;
				DEVELOPMENT_ASSET_PATHS = "\"hw-8/Preview Content\"";
				ENABLE_PREVIEWS = YES;
				GENERATE_INFOPLIST_FILE = YES;
				INFOPLIST_KEY_UIApplicationSceneManifest_Generation = YES;
				INFOPLIST_KEY_UIApplicationSupportsIndirectInputEvents = YES;
				INFOPLIST_KEY_UILaunchScreen_Generation = YES;
				INFOPLIST_KEY_UISupportedInterfaceOrientations_iPad = "UIInterfaceOrientationPortrait UIInterfaceOrientationPortraitUpsideDown UIInterfaceOrientationLandscapeLeft UIInterfaceOrientationLandscapeRight";
				INFOPLIST_KEY_UISupportedInterfaceOrientations_iPhone = "UIInterfaceOrientationPortrait UIInterfaceOrientationLandscapeLeft UIInterfaceOrientationLandscapeRight";
				LD_RUNPATH_SEARCH_PATHS = (
					"$(inherited)",
					"@executable_path/Frameworks",
				);
				MARKETING_VERSION = 1.0;
				PRODUCT_BUNDLE_IDENTIFIER = "com.github.tabachenko.hw-8";
				PRODUCT_NAME = "$(TARGET_NAME)";
				SWIFT_EMIT_LOC_STRINGS = YES;
				SWIFT_VERSION = 5.0;
				TARGETED_DEVICE_FAMILY = "1,2";
			};
			name = Release;
		};
/* End XCBuildConfiguration section */

/* Begin XCConfigurationList section */
		63306EDA29DEBF56007BF4D1 /* Build configuration list for PBXProject "hw-8" */ = {
			isa = XCConfigurationList;
			buildConfigurations = (
				63306EEB29DEBF57007BF4D1 /* Debug */,
				63306EEC29DEBF57007BF4D1 /* Release */,
			);
			defaultConfigurationIsVisible = 0;
			defaultConfigurationName = Release;
		};
		63306EED29DEBF57007BF4D1 /* Build configuration list for PBXNativeTarget "hw-8" */ = {
			isa = XCConfigurationList;
			buildConfigurations = (
				63306EEE29DEBF57007BF4D1 /* Debug */,
				63306EEF29DEBF57007BF4D1 /* Release */,
			);
			defaultConfigurationIsVisible = 0;
			defaultConfigurationName = Release;
		};
/* End XCConfigurationList section */
	};
	rootObject = 63306ED729DEBF56007BF4D1 /* Project object */;
}
